// !$*UTF8*$!
{
	archiveVersion = 1;
	classes = {
	};
	objectVersion = 46;
	objects = {

/* Begin PBXBuildFile section */
		2521F1C714EB76B400A78B65 /* libz.dylib in Frameworks */ = {isa = PBXBuildFile; fileRef = 2521F1C614EB76B400A78B65 /* libz.dylib */; };
		25D54F9F14F55B1F00A2D7E6 /* AboutWindow.xib in Resources */ = {isa = PBXBuildFile; fileRef = 25D54F9E14F55B1F00A2D7E6 /* AboutWindow.xib */; };
		E1AF2C9D14EF51E100ABF258 /* SettingsWindowController.m in Sources */ = {isa = PBXBuildFile; fileRef = E1AF2C9C14EF51E100ABF258 /* SettingsWindowController.m */; };
		E1AF2CA014EF531F00ABF258 /* SettingsWindow.xib in Resources */ = {isa = PBXBuildFile; fileRef = E1AF2C9F14EF531F00ABF258 /* SettingsWindow.xib */; };
		E1AF2CB214EFDC9C00ABF258 /* UploadWindow.xib in Resources */ = {isa = PBXBuildFile; fileRef = E1AF2CB114EFDC9C00ABF258 /* UploadWindow.xib */; };
		E1DA1C1614B44A2C00E44BE2 /* QuickLook.framework in Frameworks */ = {isa = PBXBuildFile; fileRef = E1DA1C1514B44A2C00E44BE2 /* QuickLook.framework */; };
		E1EA4A2614A59F0400EE9703 /* Cocoa.framework in Frameworks */ = {isa = PBXBuildFile; fileRef = E1EA4A2514A59F0400EE9703 /* Cocoa.framework */; };
		E1EA4A3014A59F0400EE9703 /* InfoPlist.strings in Resources */ = {isa = PBXBuildFile; fileRef = E1EA4A2E14A59F0400EE9703 /* InfoPlist.strings */; };
		E1EA4A3214A59F0400EE9703 /* main.m in Sources */ = {isa = PBXBuildFile; fileRef = E1EA4A3114A59F0400EE9703 /* main.m */; };
		E1EA4A3614A59F0400EE9703 /* Credits.rtf in Resources */ = {isa = PBXBuildFile; fileRef = E1EA4A3414A59F0400EE9703 /* Credits.rtf */; };
		E1EA4A3914A59F0400EE9703 /* AppDelegate.m in Sources */ = {isa = PBXBuildFile; fileRef = E1EA4A3814A59F0400EE9703 /* AppDelegate.m */; };
		E1EA4A3C14A59F0400EE9703 /* MainMenu.xib in Resources */ = {isa = PBXBuildFile; fileRef = E1EA4A3A14A59F0400EE9703 /* MainMenu.xib */; };
		E1EA4A4414A59F0400EE9703 /* SenTestingKit.framework in Frameworks */ = {isa = PBXBuildFile; fileRef = E1EA4A4314A59F0400EE9703 /* SenTestingKit.framework */; };
		E1EA4A4514A59F0400EE9703 /* Cocoa.framework in Frameworks */ = {isa = PBXBuildFile; fileRef = E1EA4A2514A59F0400EE9703 /* Cocoa.framework */; };
		E1EA4A4D14A59F0400EE9703 /* InfoPlist.strings in Resources */ = {isa = PBXBuildFile; fileRef = E1EA4A4B14A59F0400EE9703 /* InfoPlist.strings */; };
		E1EA4A5014A59F0400EE9703 /* FotkiTests.m in Sources */ = {isa = PBXBuildFile; fileRef = E1EA4A4F14A59F0400EE9703 /* FotkiTests.m */; };
		E1EE7F8214AC79AA003AD8DF /* check.icns in Resources */ = {isa = PBXBuildFile; fileRef = E1EE7F7F14AC79AA003AD8DF /* check.icns */; };
		E1EE7F8314AC79AA003AD8DF /* nosync.icns in Resources */ = {isa = PBXBuildFile; fileRef = E1EE7F8014AC79AA003AD8DF /* nosync.icns */; };
		E1EE7F8414AC79AA003AD8DF /* updated.icns in Resources */ = {isa = PBXBuildFile; fileRef = E1EE7F8114AC79AA003AD8DF /* updated.icns */; };
		E1EE7F8414AC79AA003AD8E5 /* FileSystemMonitor.m in Sources */ = {isa = PBXBuildFile; fileRef = E1EE7F8414AC79AA003AD8E4 /* FileSystemMonitor.m */; };
		E1EE7F8414AC79AA003AD8E8 /* Finder.m in Sources */ = {isa = PBXBuildFile; fileRef = E1EE7F8414AC79AA003AD8E7 /* Finder.m */; };
		E1EE7F8414AC79AA003AD8EB /* NSImage+Helper.m in Sources */ = {isa = PBXBuildFile; fileRef = E1EE7F8414AC79AA003AD8EA /* NSImage+Helper.m */; };
		E1EE7F8414AC79AA003AD8F1 /* FileSystemHelper.m in Sources */ = {isa = PBXBuildFile; fileRef = E1EE7F8414AC79AA003AD8F0 /* FileSystemHelper.m */; };
		E1EE7F8414AC79AA003AD8F5 /* FileMD5Hash.c in Sources */ = {isa = PBXBuildFile; fileRef = E1EE7F8414AC79AA003AD8F4 /* FileMD5Hash.c */; };
		E1EE7F8414AC79AA003AD8FA /* FotkiServiceFacade.m in Sources */ = {isa = PBXBuildFile; fileRef = E1EE7F8414AC79AA003AD8F9 /* FotkiServiceFacade.m */; };
		E1EE7F8414AC79AA003AD8FF /* AFHTTPClient.m in Sources */ = {isa = PBXBuildFile; fileRef = E1EE7F8414AC79AA003AD8FE /* AFHTTPClient.m */; };
		E1EE7F8414AC79AA003AD902 /* AFHTTPRequestOperation.m in Sources */ = {isa = PBXBuildFile; fileRef = E1EE7F8414AC79AA003AD901 /* AFHTTPRequestOperation.m */; };
		E1EE7F8414AC79AA003AD905 /* AFImageCache.m in Sources */ = {isa = PBXBuildFile; fileRef = E1EE7F8414AC79AA003AD904 /* AFImageCache.m */; };
		E1EE7F8414AC79AA003AD908 /* AFImageRequestOperation.m in Sources */ = {isa = PBXBuildFile; fileRef = E1EE7F8414AC79AA003AD907 /* AFImageRequestOperation.m */; };
		E1EE7F8414AC79AA003AD90B /* AFJSONRequestOperation.m in Sources */ = {isa = PBXBuildFile; fileRef = E1EE7F8414AC79AA003AD90A /* AFJSONRequestOperation.m */; };
		E1EE7F8414AC79AA003AD90F /* AFNetworkActivityIndicatorManager.m in Sources */ = {isa = PBXBuildFile; fileRef = E1EE7F8414AC79AA003AD90E /* AFNetworkActivityIndicatorManager.m */; };
		E1EE7F8414AC79AA003AD913 /* AFPropertyListRequestOperation.m in Sources */ = {isa = PBXBuildFile; fileRef = E1EE7F8414AC79AA003AD912 /* AFPropertyListRequestOperation.m */; };
		E1EE7F8414AC79AA003AD916 /* AFURLConnectionOperation.m in Sources */ = {isa = PBXBuildFile; fileRef = E1EE7F8414AC79AA003AD915 /* AFURLConnectionOperation.m */; };
		E1EE7F8414AC79AA003AD919 /* AFXMLRequestOperation.m in Sources */ = {isa = PBXBuildFile; fileRef = E1EE7F8414AC79AA003AD918 /* AFXMLRequestOperation.m */; };
		E1EE7F8414AC79AA003AD91C /* UIImageView+AFNetworking.m in Sources */ = {isa = PBXBuildFile; fileRef = E1EE7F8414AC79AA003AD91B /* UIImageView+AFNetworking.m */; };
		E1EE7F8414AC79AA003AD922 /* CXMLDocument_CreationExtensions.m in Sources */ = {isa = PBXBuildFile; fileRef = E1EE7F8414AC79AA003AD921 /* CXMLDocument_CreationExtensions.m */; };
		E1EE7F8414AC79AA003AD925 /* CXMLNode_CreationExtensions.m in Sources */ = {isa = PBXBuildFile; fileRef = E1EE7F8414AC79AA003AD924 /* CXMLNode_CreationExtensions.m */; };
		E1EE7F8414AC79AA003AD928 /* CXHTMLDocument.m in Sources */ = {isa = PBXBuildFile; fileRef = E1EE7F8414AC79AA003AD927 /* CXHTMLDocument.m */; };
		E1EE7F8414AC79AA003AD92B /* CXMLDocument_PrivateExtensions.m in Sources */ = {isa = PBXBuildFile; fileRef = E1EE7F8414AC79AA003AD92A /* CXMLDocument_PrivateExtensions.m */; };
		E1EE7F8414AC79AA003AD92E /* CXMLDocument.m in Sources */ = {isa = PBXBuildFile; fileRef = E1EE7F8414AC79AA003AD92D /* CXMLDocument.m */; };
		E1EE7F8414AC79AA003AD931 /* CXMLElement_CreationExtensions.m in Sources */ = {isa = PBXBuildFile; fileRef = E1EE7F8414AC79AA003AD930 /* CXMLElement_CreationExtensions.m */; };
		E1EE7F8414AC79AA003AD934 /* CXMLElement_ElementTreeExtensions.m in Sources */ = {isa = PBXBuildFile; fileRef = E1EE7F8414AC79AA003AD933 /* CXMLElement_ElementTreeExtensions.m */; };
		E1EE7F8414AC79AA003AD937 /* CXMLElement.m in Sources */ = {isa = PBXBuildFile; fileRef = E1EE7F8414AC79AA003AD936 /* CXMLElement.m */; };
		E1EE7F8414AC79AA003AD93A /* CXMLNamespaceNode.m in Sources */ = {isa = PBXBuildFile; fileRef = E1EE7F8414AC79AA003AD939 /* CXMLNamespaceNode.m */; };
		E1EE7F8414AC79AA003AD93D /* CXMLNode_PrivateExtensions.m in Sources */ = {isa = PBXBuildFile; fileRef = E1EE7F8414AC79AA003AD93C /* CXMLNode_PrivateExtensions.m */; };
		E1EE7F8414AC79AA003AD940 /* CXMLNode_XPathExtensions.m in Sources */ = {isa = PBXBuildFile; fileRef = E1EE7F8414AC79AA003AD93F /* CXMLNode_XPathExtensions.m */; };
		E1EE7F8414AC79AA003AD943 /* CXMLNode.m in Sources */ = {isa = PBXBuildFile; fileRef = E1EE7F8414AC79AA003AD942 /* CXMLNode.m */; };
		E1EE7F8414AC79AA003AD947 /* CTidy.m in Sources */ = {isa = PBXBuildFile; fileRef = E1EE7F8414AC79AA003AD946 /* CTidy.m */; };
		E1EE7F8414AC79AA003AD94B /* Album.m in Sources */ = {isa = PBXBuildFile; fileRef = E1EE7F8414AC79AA003AD94A /* Album.m */; };
		E1EE7F8414AC79AA003AD94F /* Folder.m in Sources */ = {isa = PBXBuildFile; fileRef = E1EE7F8414AC79AA003AD94E /* Folder.m */; };
		E1EE7F8414AC79AA003AD952 /* FoldersAndAlbumsTreeBuilder.m in Sources */ = {isa = PBXBuildFile; fileRef = E1EE7F8414AC79AA003AD951 /* FoldersAndAlbumsTreeBuilder.m */; };
		E1EE7F8414AC79AA003AD954 /* Photo.m in Sources */ = {isa = PBXBuildFile; fileRef = E1EE7F8414AC79AA003AD953 /* Photo.m */; };
		E1EE7F8414AC79AA003AD957 /* ImageDownloader.m in Sources */ = {isa = PBXBuildFile; fileRef = E1EE7F8414AC79AA003AD956 /* ImageDownloader.m */; };
		E1EE7F8414AC79AA003AD95B /* Error.m in Sources */ = {isa = PBXBuildFile; fileRef = E1EE7F8414AC79AA003AD95A /* Error.m */; };
		E1EE7F8414AC79AA003AD95E /* ErrorResponseParser.m in Sources */ = {isa = PBXBuildFile; fileRef = E1EE7F8414AC79AA003AD95D /* ErrorResponseParser.m */; };
		E1EE7F8414AC79AA003AD965 /* ServiceUtils.m in Sources */ = {isa = PBXBuildFile; fileRef = E1EE7F8414AC79AA003AD964 /* ServiceUtils.m */; };
		E1EE7F8414AC79AA003AD96C /* CheckoutManager.m in Sources */ = {isa = PBXBuildFile; fileRef = E1EE7F8414AC79AA003AD96B /* CheckoutManager.m */; };
		E1EE7F8414AC79AA003AD974 /* Async2SyncLock.m in Sources */ = {isa = PBXBuildFile; fileRef = E1EE7F8414AC79AA003AD973 /* Async2SyncLock.m */; };
		E1EE7F8414AC79AA003AD977 /* NSThread+Helper.m in Sources */ = {isa = PBXBuildFile; fileRef = E1EE7F8414AC79AA003AD976 /* NSThread+Helper.m */; };
		E1EE7F8414AC79AA003AD97A /* BadgeUtils.m in Sources */ = {isa = PBXBuildFile; fileRef = E1EE7F8414AC79AA003AD979 /* BadgeUtils.m */; };
		E1EE7F8414AC79AA003AD97E /* ImageWithSiteSynchronizator.m in Sources */ = {isa = PBXBuildFile; fileRef = E1EE7F8414AC79AA003AD97D /* ImageWithSiteSynchronizator.m */; };
		E1EE7F8414AC79AA003AD982 /* DirectoryUtils.m in Sources */ = {isa = PBXBuildFile; fileRef = E1EE7F8414AC79AA003AD981 /* DirectoryUtils.m */; };
		E1EE7F8414AC79AA003AD985 /* fotki_icon.png in Resources */ = {isa = PBXBuildFile; fileRef = E1EE7F8414AC79AA003AD984 /* fotki_icon.png */; };
		E1EE7F8414AC79AA003AD987 /* fotki_icon.icns in Resources */ = {isa = PBXBuildFile; fileRef = E1EE7F8414AC79AA003AD986 /* fotki_icon.icns */; };
		E1EE7F8414AC79AA003AD989 /* DialogUtils.m in Sources */ = {isa = PBXBuildFile; fileRef = E1EE7F8414AC79AA003AD988 /* DialogUtils.m */; };
		E1EE7F8414AC79AA003AD98C /* AlbumsExtracter.m in Sources */ = {isa = PBXBuildFile; fileRef = E1EE7F8414AC79AA003AD98B /* AlbumsExtracter.m */; };
		E1EE7F8414AC79AA003AD990 /* DragStatusView.m in Sources */ = {isa = PBXBuildFile; fileRef = E1EE7F8414AC79AA003AD98F /* DragStatusView.m */; };
		E1EE7F8414AC79AA003AD993 /* Account.m in Sources */ = {isa = PBXBuildFile; fileRef = E1EE7F8414AC79AA003AD992 /* Account.m */; };
		E1EE7F8414AC79AA003AD996 /* TextUtils.m in Sources */ = {isa = PBXBuildFile; fileRef = E1EE7F8414AC79AA003AD995 /* TextUtils.m */; };
		E1EE7F8414AC79AA003AD999 /* CRCUtils.m in Sources */ = {isa = PBXBuildFile; fileRef = E1EE7F8414AC79AA003AD998 /* CRCUtils.m */; };
		E1EE7F8414AC79AA003AD99C /* F-offline.png in Resources */ = {isa = PBXBuildFile; fileRef = E1EE7F8414AC79AA003AD99B /* F-offline.png */; };
		E1EE7F8414AC79AA003AD99E /* F-online.png in Resources */ = {isa = PBXBuildFile; fileRef = E1EE7F8414AC79AA003AD99D /* F-online.png */; };
		E1EE7F8414AC79AA003AD9A0 /* DateUtils.m in Sources */ = {isa = PBXBuildFile; fileRef = E1EE7F8414AC79AA003AD99F /* DateUtils.m */; };
		E1EE7F8414AC79AA003AD9A5 /* ApiAuthenticationException.m in Sources */ = {isa = PBXBuildFile; fileRef = E1EE7F8414AC79AA003AD9A4 /* ApiAuthenticationException.m */; };
		E1EE7F8414AC79AA003AD9A8 /* ApiConnectionException.m in Sources */ = {isa = PBXBuildFile; fileRef = E1EE7F8414AC79AA003AD9A7 /* ApiConnectionException.m */; };
		E1EE7F8414AC79AA003AD9AB /* ApiException.m in Sources */ = {isa = PBXBuildFile; fileRef = E1EE7F8414AC79AA003AD9AA /* ApiException.m */; };
		E1EE7F8414AC79AA003AD9AE /* ApiCallResult.m in Sources */ = {isa = PBXBuildFile; fileRef = E1EE7F8414AC79AA003AD9AD /* ApiCallResult.m */; };
		E1EE7F8414AC79AA003AD9B1 /* ApiNotFoundException.m in Sources */ = {isa = PBXBuildFile; fileRef = E1EE7F8414AC79AA003AD9B0 /* ApiNotFoundException.m */; };
		E1EE7F8414AC79AA003AD9B3 /* ApiServiceException.m in Sources */ = {isa = PBXBuildFile; fileRef = E1EE7F8414AC79AA003AD9B2 /* ApiServiceException.m */; };
		E1EE7F8414AC79AA003AD9B6 /* UploadWindowController.m in Sources */ = {isa = PBXBuildFile; fileRef = E1EE7F8414AC79AA003AD9B5 /* UploadWindowController.m */; };
		E1EE7F8414AC79AA003AD9BB /* UploadFilesStatisticsCalculator.m in Sources */ = {isa = PBXBuildFile; fileRef = E1EE7F8414AC79AA003AD9BA /* UploadFilesStatisticsCalculator.m */; };
		E1EE7F8414AC79AA003AD9BE /* UploadFilesDataSource.m in Sources */ = {isa = PBXBuildFile; fileRef = E1EE7F8414AC79AA003AD9BD /* UploadFilesDataSource.m */; };
		E1EE7F8414AC79AA003AD9C1 /* ErrorsDataSource.m in Sources */ = {isa = PBXBuildFile; fileRef = E1EE7F8414AC79AA003AD9C0 /* ErrorsDataSource.m */; };
		E1EE7F8414AC79AA003AD9C4 /* UploadError.m in Sources */ = {isa = PBXBuildFile; fileRef = E1EE7F8414AC79AA003AD9C3 /* UploadError.m */; };
		E1EE7F8414AC79AA003AD9C7 /* AboutWindowController.m in Sources */ = {isa = PBXBuildFile; fileRef = E1EE7F8414AC79AA003AD9C6 /* AboutWindowController.m */; };
		E1EE7F8414AC79AA003AD9CB /* ClickableTextField.m in Sources */ = {isa = PBXBuildFile; fileRef = E1EE7F8414AC79AA003AD9CA /* ClickableTextField.m */; };
		E1EE7F8414AC79AA003AD9CE /* UploadTableView.m in Sources */ = {isa = PBXBuildFile; fileRef = E1EE7F8414AC79AA003AD9CD /* UploadTableView.m */; };
/* End PBXBuildFile section */

/* Begin PBXContainerItemProxy section */
		E1EA4A4614A59F0400EE9703 /* PBXContainerItemProxy */ = {
			isa = PBXContainerItemProxy;
			containerPortal = E1EA4A1814A59F0300EE9703 /* Project object */;
			proxyType = 1;
			remoteGlobalIDString = E1EA4A2014A59F0400EE9703;
			remoteInfo = Fotki;
		};
/* End PBXContainerItemProxy section */

/* Begin PBXFileReference section */
		2521F1C614EB76B400A78B65 /* libz.dylib */ = {isa = PBXFileReference; lastKnownFileType = "compiled.mach-o.dylib"; name = libz.dylib; path = usr/lib/libz.dylib; sourceTree = SDKROOT; };
		25D54F9E14F55B1F00A2D7E6 /* AboutWindow.xib */ = {isa = PBXFileReference; fileEncoding = 4; lastKnownFileType = file.xib; path = AboutWindow.xib; sourceTree = "<group>"; };
		E1AF2C9B14EF51E100ABF258 /* SettingsWindowController.h */ = {isa = PBXFileReference; fileEncoding = 4; lastKnownFileType = sourcecode.c.h; path = SettingsWindowController.h; sourceTree = "<group>"; };
		E1AF2C9C14EF51E100ABF258 /* SettingsWindowController.m */ = {isa = PBXFileReference; fileEncoding = 4; lastKnownFileType = sourcecode.c.objc; path = SettingsWindowController.m; sourceTree = "<group>"; };
		E1AF2C9F14EF531F00ABF258 /* SettingsWindow.xib */ = {isa = PBXFileReference; fileEncoding = 4; lastKnownFileType = file.xib; path = SettingsWindow.xib; sourceTree = "<group>"; };
		E1AF2CB114EFDC9C00ABF258 /* UploadWindow.xib */ = {isa = PBXFileReference; fileEncoding = 4; lastKnownFileType = file.xib; path = UploadWindow.xib; sourceTree = "<group>"; };
		E1DA1C1514B44A2C00E44BE2 /* QuickLook.framework */ = {isa = PBXFileReference; lastKnownFileType = wrapper.framework; name = QuickLook.framework; path = System/Library/Frameworks/QuickLook.framework; sourceTree = SDKROOT; };
		E1EA4A2114A59F0400EE9703 /* Fotki.app */ = {isa = PBXFileReference; explicitFileType = wrapper.application; includeInIndex = 0; path = Fotki.app; sourceTree = BUILT_PRODUCTS_DIR; };
		E1EA4A2514A59F0400EE9703 /* Cocoa.framework */ = {isa = PBXFileReference; lastKnownFileType = wrapper.framework; name = Cocoa.framework; path = System/Library/Frameworks/Cocoa.framework; sourceTree = SDKROOT; };
		E1EA4A2814A59F0400EE9703 /* AppKit.framework */ = {isa = PBXFileReference; lastKnownFileType = wrapper.framework; name = AppKit.framework; path = System/Library/Frameworks/AppKit.framework; sourceTree = SDKROOT; };
		E1EA4A2914A59F0400EE9703 /* CoreData.framework */ = {isa = PBXFileReference; lastKnownFileType = wrapper.framework; name = CoreData.framework; path = System/Library/Frameworks/CoreData.framework; sourceTree = SDKROOT; };
		E1EA4A2A14A59F0400EE9703 /* Foundation.framework */ = {isa = PBXFileReference; lastKnownFileType = wrapper.framework; name = Foundation.framework; path = System/Library/Frameworks/Foundation.framework; sourceTree = SDKROOT; };
		E1EA4A2D14A59F0400EE9703 /* Fotki-Info.plist */ = {isa = PBXFileReference; lastKnownFileType = text.plist.xml; path = "Fotki-Info.plist"; sourceTree = "<group>"; };
		E1EA4A2F14A59F0400EE9703 /* en */ = {isa = PBXFileReference; lastKnownFileType = text.plist.strings; name = en; path = en.lproj/InfoPlist.strings; sourceTree = "<group>"; };
		E1EA4A3114A59F0400EE9703 /* main.m */ = {isa = PBXFileReference; lastKnownFileType = sourcecode.c.objc; path = main.m; sourceTree = "<group>"; };
		E1EA4A3314A59F0400EE9703 /* Fotki-Prefix.pch */ = {isa = PBXFileReference; lastKnownFileType = sourcecode.c.h; path = "Fotki-Prefix.pch"; sourceTree = "<group>"; };
		E1EA4A3514A59F0400EE9703 /* en */ = {isa = PBXFileReference; lastKnownFileType = text.rtf; name = en; path = en.lproj/Credits.rtf; sourceTree = "<group>"; };
		E1EA4A3714A59F0400EE9703 /* AppDelegate.h */ = {isa = PBXFileReference; lastKnownFileType = sourcecode.c.h; path = AppDelegate.h; sourceTree = "<group>"; };
		E1EA4A3814A59F0400EE9703 /* AppDelegate.m */ = {isa = PBXFileReference; lastKnownFileType = sourcecode.c.objc; path = AppDelegate.m; sourceTree = "<group>"; };
		E1EA4A3B14A59F0400EE9703 /* en */ = {isa = PBXFileReference; lastKnownFileType = file.xib; name = en; path = en.lproj/MainMenu.xib; sourceTree = "<group>"; };
		E1EA4A4214A59F0400EE9703 /* FotkiTests.octest */ = {isa = PBXFileReference; explicitFileType = wrapper.cfbundle; includeInIndex = 0; path = FotkiTests.octest; sourceTree = BUILT_PRODUCTS_DIR; };
		E1EA4A4314A59F0400EE9703 /* SenTestingKit.framework */ = {isa = PBXFileReference; lastKnownFileType = wrapper.framework; name = SenTestingKit.framework; path = Library/Frameworks/SenTestingKit.framework; sourceTree = DEVELOPER_DIR; };
		E1EA4A4A14A59F0400EE9703 /* FotkiTests-Info.plist */ = {isa = PBXFileReference; lastKnownFileType = text.plist.xml; path = "FotkiTests-Info.plist"; sourceTree = "<group>"; };
		E1EA4A4C14A59F0400EE9703 /* en */ = {isa = PBXFileReference; lastKnownFileType = text.plist.strings; name = en; path = en.lproj/InfoPlist.strings; sourceTree = "<group>"; };
		E1EA4A4E14A59F0400EE9703 /* FotkiTests.h */ = {isa = PBXFileReference; lastKnownFileType = sourcecode.c.h; path = FotkiTests.h; sourceTree = "<group>"; };
		E1EA4A4F14A59F0400EE9703 /* FotkiTests.m */ = {isa = PBXFileReference; lastKnownFileType = sourcecode.c.objc; path = FotkiTests.m; sourceTree = "<group>"; };
		E1EE7F7F14AC79AA003AD8DF /* check.icns */ = {isa = PBXFileReference; lastKnownFileType = image.icns; name = check.icns; path = Resources/check.icns; sourceTree = "<group>"; };
		E1EE7F8014AC79AA003AD8DF /* nosync.icns */ = {isa = PBXFileReference; lastKnownFileType = image.icns; name = nosync.icns; path = Resources/nosync.icns; sourceTree = "<group>"; };
		E1EE7F8114AC79AA003AD8DF /* updated.icns */ = {isa = PBXFileReference; lastKnownFileType = image.icns; name = updated.icns; path = Resources/updated.icns; sourceTree = "<group>"; };
		E1EE7F8414AC79AA003AD8E4 /* FileSystemMonitor.m */ = {isa = PBXFileReference; fileEncoding = 4; lastKnownFileType = sourcecode.c.objc; path = FileSystemMonitor.m; sourceTree = "<group>"; };
		E1EE7F8414AC79AA003AD8E6 /* FileSystemMonitor.h */ = {isa = PBXFileReference; fileEncoding = 4; lastKnownFileType = sourcecode.c.h; path = FileSystemMonitor.h; sourceTree = "<group>"; };
		E1EE7F8414AC79AA003AD8E7 /* Finder.m */ = {isa = PBXFileReference; fileEncoding = 4; lastKnownFileType = sourcecode.c.objc; path = Finder.m; sourceTree = "<group>"; };
		E1EE7F8414AC79AA003AD8E9 /* Finder.h */ = {isa = PBXFileReference; fileEncoding = 4; lastKnownFileType = sourcecode.c.h; path = Finder.h; sourceTree = "<group>"; };
		E1EE7F8414AC79AA003AD8EA /* NSImage+Helper.m */ = {isa = PBXFileReference; fileEncoding = 4; lastKnownFileType = sourcecode.c.objc; path = "NSImage+Helper.m"; sourceTree = "<group>"; };
		E1EE7F8414AC79AA003AD8EC /* NSImage+Helper.h */ = {isa = PBXFileReference; fileEncoding = 4; lastKnownFileType = sourcecode.c.h; path = "NSImage+Helper.h"; sourceTree = "<group>"; };
		E1EE7F8414AC79AA003AD8F0 /* FileSystemHelper.m */ = {isa = PBXFileReference; fileEncoding = 4; lastKnownFileType = sourcecode.c.objc; path = FileSystemHelper.m; sourceTree = "<group>"; };
		E1EE7F8414AC79AA003AD8F2 /* FileSystemHelper.h */ = {isa = PBXFileReference; fileEncoding = 4; lastKnownFileType = sourcecode.c.h; path = FileSystemHelper.h; sourceTree = "<group>"; };
		E1EE7F8414AC79AA003AD8F4 /* FileMD5Hash.c */ = {isa = PBXFileReference; fileEncoding = 4; lastKnownFileType = sourcecode.c.c; path = FileMD5Hash.c; sourceTree = "<group>"; };
		E1EE7F8414AC79AA003AD8F6 /* FileMD5Hash.h */ = {isa = PBXFileReference; fileEncoding = 4; lastKnownFileType = sourcecode.c.h; path = FileMD5Hash.h; sourceTree = "<group>"; };
		E1EE7F8414AC79AA003AD8F7 /* FileMD5Hash_Prefix.pch */ = {isa = PBXFileReference; fileEncoding = 4; lastKnownFileType = sourcecode.c.h; path = FileMD5Hash_Prefix.pch; sourceTree = "<group>"; };
		E1EE7F8414AC79AA003AD8F9 /* FotkiServiceFacade.m */ = {isa = PBXFileReference; fileEncoding = 4; lastKnownFileType = sourcecode.c.objc; path = FotkiServiceFacade.m; sourceTree = "<group>"; };
		E1EE7F8414AC79AA003AD8FB /* FotkiServiceFacade.h */ = {isa = PBXFileReference; fileEncoding = 4; lastKnownFileType = sourcecode.c.h; path = FotkiServiceFacade.h; sourceTree = "<group>"; };
		E1EE7F8414AC79AA003AD8FD /* AFHTTPClient.h */ = {isa = PBXFileReference; fileEncoding = 4; lastKnownFileType = sourcecode.c.h; path = AFHTTPClient.h; sourceTree = "<group>"; };
		E1EE7F8414AC79AA003AD8FE /* AFHTTPClient.m */ = {isa = PBXFileReference; fileEncoding = 4; lastKnownFileType = sourcecode.c.objc; path = AFHTTPClient.m; sourceTree = "<group>"; };
		E1EE7F8414AC79AA003AD900 /* AFHTTPRequestOperation.h */ = {isa = PBXFileReference; fileEncoding = 4; lastKnownFileType = sourcecode.c.h; path = AFHTTPRequestOperation.h; sourceTree = "<group>"; };
		E1EE7F8414AC79AA003AD901 /* AFHTTPRequestOperation.m */ = {isa = PBXFileReference; fileEncoding = 4; lastKnownFileType = sourcecode.c.objc; path = AFHTTPRequestOperation.m; sourceTree = "<group>"; };
		E1EE7F8414AC79AA003AD903 /* AFImageCache.h */ = {isa = PBXFileReference; fileEncoding = 4; lastKnownFileType = sourcecode.c.h; path = AFImageCache.h; sourceTree = "<group>"; };
		E1EE7F8414AC79AA003AD904 /* AFImageCache.m */ = {isa = PBXFileReference; fileEncoding = 4; lastKnownFileType = sourcecode.c.objc; path = AFImageCache.m; sourceTree = "<group>"; };
		E1EE7F8414AC79AA003AD906 /* AFImageRequestOperation.h */ = {isa = PBXFileReference; fileEncoding = 4; lastKnownFileType = sourcecode.c.h; path = AFImageRequestOperation.h; sourceTree = "<group>"; };
		E1EE7F8414AC79AA003AD907 /* AFImageRequestOperation.m */ = {isa = PBXFileReference; fileEncoding = 4; lastKnownFileType = sourcecode.c.objc; path = AFImageRequestOperation.m; sourceTree = "<group>"; };
		E1EE7F8414AC79AA003AD909 /* AFJSONRequestOperation.h */ = {isa = PBXFileReference; fileEncoding = 4; lastKnownFileType = sourcecode.c.h; path = AFJSONRequestOperation.h; sourceTree = "<group>"; };
		E1EE7F8414AC79AA003AD90A /* AFJSONRequestOperation.m */ = {isa = PBXFileReference; fileEncoding = 4; lastKnownFileType = sourcecode.c.objc; path = AFJSONRequestOperation.m; sourceTree = "<group>"; };
		E1EE7F8414AC79AA003AD90C /* AFJSONUtilities.h */ = {isa = PBXFileReference; fileEncoding = 4; lastKnownFileType = sourcecode.c.h; path = AFJSONUtilities.h; sourceTree = "<group>"; };
		E1EE7F8414AC79AA003AD90D /* AFNetworkActivityIndicatorManager.h */ = {isa = PBXFileReference; fileEncoding = 4; lastKnownFileType = sourcecode.c.h; path = AFNetworkActivityIndicatorManager.h; sourceTree = "<group>"; };
		E1EE7F8414AC79AA003AD90E /* AFNetworkActivityIndicatorManager.m */ = {isa = PBXFileReference; fileEncoding = 4; lastKnownFileType = sourcecode.c.objc; path = AFNetworkActivityIndicatorManager.m; sourceTree = "<group>"; };
		E1EE7F8414AC79AA003AD910 /* AFNetworking.h */ = {isa = PBXFileReference; fileEncoding = 4; lastKnownFileType = sourcecode.c.h; path = AFNetworking.h; sourceTree = "<group>"; };
		E1EE7F8414AC79AA003AD911 /* AFPropertyListRequestOperation.h */ = {isa = PBXFileReference; fileEncoding = 4; lastKnownFileType = sourcecode.c.h; path = AFPropertyListRequestOperation.h; sourceTree = "<group>"; };
		E1EE7F8414AC79AA003AD912 /* AFPropertyListRequestOperation.m */ = {isa = PBXFileReference; fileEncoding = 4; lastKnownFileType = sourcecode.c.objc; path = AFPropertyListRequestOperation.m; sourceTree = "<group>"; };
		E1EE7F8414AC79AA003AD914 /* AFURLConnectionOperation.h */ = {isa = PBXFileReference; fileEncoding = 4; lastKnownFileType = sourcecode.c.h; path = AFURLConnectionOperation.h; sourceTree = "<group>"; };
		E1EE7F8414AC79AA003AD915 /* AFURLConnectionOperation.m */ = {isa = PBXFileReference; fileEncoding = 4; lastKnownFileType = sourcecode.c.objc; path = AFURLConnectionOperation.m; sourceTree = "<group>"; };
		E1EE7F8414AC79AA003AD917 /* AFXMLRequestOperation.h */ = {isa = PBXFileReference; fileEncoding = 4; lastKnownFileType = sourcecode.c.h; path = AFXMLRequestOperation.h; sourceTree = "<group>"; };
		E1EE7F8414AC79AA003AD918 /* AFXMLRequestOperation.m */ = {isa = PBXFileReference; fileEncoding = 4; lastKnownFileType = sourcecode.c.objc; path = AFXMLRequestOperation.m; sourceTree = "<group>"; };
		E1EE7F8414AC79AA003AD91A /* UIImageView+AFNetworking.h */ = {isa = PBXFileReference; fileEncoding = 4; lastKnownFileType = sourcecode.c.h; path = "UIImageView+AFNetworking.h"; sourceTree = "<group>"; };
		E1EE7F8414AC79AA003AD91B /* UIImageView+AFNetworking.m */ = {isa = PBXFileReference; fileEncoding = 4; lastKnownFileType = sourcecode.c.objc; path = "UIImageView+AFNetworking.m"; sourceTree = "<group>"; };
		E1EE7F8414AC79AA003AD91D /* Consts.h */ = {isa = PBXFileReference; fileEncoding = 4; lastKnownFileType = sourcecode.c.h; path = Consts.h; sourceTree = "<group>"; };
		E1EE7F8414AC79AA003AD920 /* CXMLDocument_CreationExtensions.h */ = {isa = PBXFileReference; fileEncoding = 4; lastKnownFileType = sourcecode.c.h; path = CXMLDocument_CreationExtensions.h; sourceTree = "<group>"; };
		E1EE7F8414AC79AA003AD921 /* CXMLDocument_CreationExtensions.m */ = {isa = PBXFileReference; fileEncoding = 4; lastKnownFileType = sourcecode.c.objc; path = CXMLDocument_CreationExtensions.m; sourceTree = "<group>"; };
		E1EE7F8414AC79AA003AD923 /* CXMLNode_CreationExtensions.h */ = {isa = PBXFileReference; fileEncoding = 4; lastKnownFileType = sourcecode.c.h; path = CXMLNode_CreationExtensions.h; sourceTree = "<group>"; };
		E1EE7F8414AC79AA003AD924 /* CXMLNode_CreationExtensions.m */ = {isa = PBXFileReference; fileEncoding = 4; lastKnownFileType = sourcecode.c.objc; path = CXMLNode_CreationExtensions.m; sourceTree = "<group>"; };
		E1EE7F8414AC79AA003AD926 /* CXHTMLDocument.h */ = {isa = PBXFileReference; fileEncoding = 4; lastKnownFileType = sourcecode.c.h; path = CXHTMLDocument.h; sourceTree = "<group>"; };
		E1EE7F8414AC79AA003AD927 /* CXHTMLDocument.m */ = {isa = PBXFileReference; fileEncoding = 4; lastKnownFileType = sourcecode.c.objc; path = CXHTMLDocument.m; sourceTree = "<group>"; };
		E1EE7F8414AC79AA003AD929 /* CXMLDocument_PrivateExtensions.h */ = {isa = PBXFileReference; fileEncoding = 4; lastKnownFileType = sourcecode.c.h; path = CXMLDocument_PrivateExtensions.h; sourceTree = "<group>"; };
		E1EE7F8414AC79AA003AD92A /* CXMLDocument_PrivateExtensions.m */ = {isa = PBXFileReference; fileEncoding = 4; lastKnownFileType = sourcecode.c.objc; path = CXMLDocument_PrivateExtensions.m; sourceTree = "<group>"; };
		E1EE7F8414AC79AA003AD92C /* CXMLDocument.h */ = {isa = PBXFileReference; fileEncoding = 4; lastKnownFileType = sourcecode.c.h; path = CXMLDocument.h; sourceTree = "<group>"; };
		E1EE7F8414AC79AA003AD92D /* CXMLDocument.m */ = {isa = PBXFileReference; fileEncoding = 4; lastKnownFileType = sourcecode.c.objc; path = CXMLDocument.m; sourceTree = "<group>"; };
		E1EE7F8414AC79AA003AD92F /* CXMLElement_CreationExtensions.h */ = {isa = PBXFileReference; fileEncoding = 4; lastKnownFileType = sourcecode.c.h; path = CXMLElement_CreationExtensions.h; sourceTree = "<group>"; };
		E1EE7F8414AC79AA003AD930 /* CXMLElement_CreationExtensions.m */ = {isa = PBXFileReference; fileEncoding = 4; lastKnownFileType = sourcecode.c.objc; path = CXMLElement_CreationExtensions.m; sourceTree = "<group>"; };
		E1EE7F8414AC79AA003AD932 /* CXMLElement_ElementTreeExtensions.h */ = {isa = PBXFileReference; fileEncoding = 4; lastKnownFileType = sourcecode.c.h; path = CXMLElement_ElementTreeExtensions.h; sourceTree = "<group>"; };
		E1EE7F8414AC79AA003AD933 /* CXMLElement_ElementTreeExtensions.m */ = {isa = PBXFileReference; fileEncoding = 4; lastKnownFileType = sourcecode.c.objc; path = CXMLElement_ElementTreeExtensions.m; sourceTree = "<group>"; };
		E1EE7F8414AC79AA003AD935 /* CXMLElement.h */ = {isa = PBXFileReference; fileEncoding = 4; lastKnownFileType = sourcecode.c.h; path = CXMLElement.h; sourceTree = "<group>"; };
		E1EE7F8414AC79AA003AD936 /* CXMLElement.m */ = {isa = PBXFileReference; fileEncoding = 4; lastKnownFileType = sourcecode.c.objc; path = CXMLElement.m; sourceTree = "<group>"; };
		E1EE7F8414AC79AA003AD938 /* CXMLNamespaceNode.h */ = {isa = PBXFileReference; fileEncoding = 4; lastKnownFileType = sourcecode.c.h; path = CXMLNamespaceNode.h; sourceTree = "<group>"; };
		E1EE7F8414AC79AA003AD939 /* CXMLNamespaceNode.m */ = {isa = PBXFileReference; fileEncoding = 4; lastKnownFileType = sourcecode.c.objc; path = CXMLNamespaceNode.m; sourceTree = "<group>"; };
		E1EE7F8414AC79AA003AD93B /* CXMLNode_PrivateExtensions.h */ = {isa = PBXFileReference; fileEncoding = 4; lastKnownFileType = sourcecode.c.h; path = CXMLNode_PrivateExtensions.h; sourceTree = "<group>"; };
		E1EE7F8414AC79AA003AD93C /* CXMLNode_PrivateExtensions.m */ = {isa = PBXFileReference; fileEncoding = 4; lastKnownFileType = sourcecode.c.objc; path = CXMLNode_PrivateExtensions.m; sourceTree = "<group>"; };
		E1EE7F8414AC79AA003AD93E /* CXMLNode_XPathExtensions.h */ = {isa = PBXFileReference; fileEncoding = 4; lastKnownFileType = sourcecode.c.h; path = CXMLNode_XPathExtensions.h; sourceTree = "<group>"; };
		E1EE7F8414AC79AA003AD93F /* CXMLNode_XPathExtensions.m */ = {isa = PBXFileReference; fileEncoding = 4; lastKnownFileType = sourcecode.c.objc; path = CXMLNode_XPathExtensions.m; sourceTree = "<group>"; };
		E1EE7F8414AC79AA003AD941 /* CXMLNode.h */ = {isa = PBXFileReference; fileEncoding = 4; lastKnownFileType = sourcecode.c.h; path = CXMLNode.h; sourceTree = "<group>"; };
		E1EE7F8414AC79AA003AD942 /* CXMLNode.m */ = {isa = PBXFileReference; fileEncoding = 4; lastKnownFileType = sourcecode.c.objc; path = CXMLNode.m; sourceTree = "<group>"; };
		E1EE7F8414AC79AA003AD945 /* CTidy.h */ = {isa = PBXFileReference; fileEncoding = 4; lastKnownFileType = sourcecode.c.h; path = CTidy.h; sourceTree = "<group>"; };
		E1EE7F8414AC79AA003AD946 /* CTidy.m */ = {isa = PBXFileReference; fileEncoding = 4; lastKnownFileType = sourcecode.c.objc; path = CTidy.m; sourceTree = "<group>"; };
		E1EE7F8414AC79AA003AD948 /* TouchXML.h */ = {isa = PBXFileReference; fileEncoding = 4; lastKnownFileType = sourcecode.c.h; path = TouchXML.h; sourceTree = "<group>"; };
		E1EE7F8414AC79AA003AD94A /* Album.m */ = {isa = PBXFileReference; fileEncoding = 4; lastKnownFileType = sourcecode.c.objc; path = Album.m; sourceTree = "<group>"; };
		E1EE7F8414AC79AA003AD94C /* Album.h */ = {isa = PBXFileReference; fileEncoding = 4; lastKnownFileType = sourcecode.c.h; path = Album.h; sourceTree = "<group>"; };
		E1EE7F8414AC79AA003AD94D /* Folder.h */ = {isa = PBXFileReference; fileEncoding = 4; lastKnownFileType = sourcecode.c.h; path = Folder.h; sourceTree = "<group>"; };
		E1EE7F8414AC79AA003AD94E /* Folder.m */ = {isa = PBXFileReference; fileEncoding = 4; lastKnownFileType = sourcecode.c.objc; path = Folder.m; sourceTree = "<group>"; };
		E1EE7F8414AC79AA003AD950 /* FoldersAndAlbumsTreeBuilder.h */ = {isa = PBXFileReference; fileEncoding = 4; lastKnownFileType = sourcecode.c.h; path = FoldersAndAlbumsTreeBuilder.h; sourceTree = "<group>"; };
		E1EE7F8414AC79AA003AD951 /* FoldersAndAlbumsTreeBuilder.m */ = {isa = PBXFileReference; fileEncoding = 4; lastKnownFileType = sourcecode.c.objc; path = FoldersAndAlbumsTreeBuilder.m; sourceTree = "<group>"; };
		E1EE7F8414AC79AA003AD953 /* Photo.m */ = {isa = PBXFileReference; fileEncoding = 4; lastKnownFileType = sourcecode.c.objc; path = Photo.m; sourceTree = "<group>"; };
		E1EE7F8414AC79AA003AD955 /* Photo.h */ = {isa = PBXFileReference; fileEncoding = 4; lastKnownFileType = sourcecode.c.h; path = Photo.h; sourceTree = "<group>"; };
		E1EE7F8414AC79AA003AD956 /* ImageDownloader.m */ = {isa = PBXFileReference; fileEncoding = 4; lastKnownFileType = sourcecode.c.objc; path = ImageDownloader.m; sourceTree = "<group>"; };
		E1EE7F8414AC79AA003AD958 /* ImageDownloader.h */ = {isa = PBXFileReference; fileEncoding = 4; lastKnownFileType = sourcecode.c.h; path = ImageDownloader.h; sourceTree = "<group>"; };
		E1EE7F8414AC79AA003AD95A /* Error.m */ = {isa = PBXFileReference; fileEncoding = 4; lastKnownFileType = sourcecode.c.objc; path = Error.m; sourceTree = "<group>"; };
		E1EE7F8414AC79AA003AD95C /* Error.h */ = {isa = PBXFileReference; fileEncoding = 4; lastKnownFileType = sourcecode.c.h; path = Error.h; sourceTree = "<group>"; };
		E1EE7F8414AC79AA003AD95D /* ErrorResponseParser.m */ = {isa = PBXFileReference; fileEncoding = 4; lastKnownFileType = sourcecode.c.objc; path = ErrorResponseParser.m; sourceTree = "<group>"; };
		E1EE7F8414AC79AA003AD95F /* ErrorResponseParser.h */ = {isa = PBXFileReference; fileEncoding = 4; lastKnownFileType = sourcecode.c.h; path = ErrorResponseParser.h; sourceTree = "<group>"; };
		E1EE7F8414AC79AA003AD964 /* ServiceUtils.m */ = {isa = PBXFileReference; fileEncoding = 4; lastKnownFileType = sourcecode.c.objc; path = ServiceUtils.m; sourceTree = "<group>"; };
		E1EE7F8414AC79AA003AD966 /* ServiceUtils.h */ = {isa = PBXFileReference; fileEncoding = 4; lastKnownFileType = sourcecode.c.h; path = ServiceUtils.h; sourceTree = "<group>"; };
		E1EE7F8414AC79AA003AD96B /* CheckoutManager.m */ = {isa = PBXFileReference; fileEncoding = 4; lastKnownFileType = sourcecode.c.objc; path = CheckoutManager.m; sourceTree = "<group>"; };
		E1EE7F8414AC79AA003AD96D /* CheckoutManager.h */ = {isa = PBXFileReference; fileEncoding = 4; lastKnownFileType = sourcecode.c.h; path = CheckoutManager.h; sourceTree = "<group>"; };
		E1EE7F8414AC79AA003AD972 /* Async2SyncLock.h */ = {isa = PBXFileReference; fileEncoding = 4; lastKnownFileType = sourcecode.c.h; path = Async2SyncLock.h; sourceTree = "<group>"; };
		E1EE7F8414AC79AA003AD973 /* Async2SyncLock.m */ = {isa = PBXFileReference; fileEncoding = 4; lastKnownFileType = sourcecode.c.objc; path = Async2SyncLock.m; sourceTree = "<group>"; };
		E1EE7F8414AC79AA003AD975 /* NSThread+Helper.h */ = {isa = PBXFileReference; fileEncoding = 4; lastKnownFileType = sourcecode.c.h; path = "NSThread+Helper.h"; sourceTree = "<group>"; };
		E1EE7F8414AC79AA003AD976 /* NSThread+Helper.m */ = {isa = PBXFileReference; fileEncoding = 4; lastKnownFileType = sourcecode.c.objc; path = "NSThread+Helper.m"; sourceTree = "<group>"; };
		E1EE7F8414AC79AA003AD979 /* BadgeUtils.m */ = {isa = PBXFileReference; fileEncoding = 4; lastKnownFileType = sourcecode.c.objc; path = BadgeUtils.m; sourceTree = "<group>"; };
		E1EE7F8414AC79AA003AD97B /* BadgeUtils.h */ = {isa = PBXFileReference; fileEncoding = 4; lastKnownFileType = sourcecode.c.h; path = BadgeUtils.h; sourceTree = "<group>"; };
		E1EE7F8414AC79AA003AD97D /* ImageWithSiteSynchronizator.m */ = {isa = PBXFileReference; fileEncoding = 4; lastKnownFileType = sourcecode.c.objc; path = ImageWithSiteSynchronizator.m; sourceTree = "<group>"; };
		E1EE7F8414AC79AA003AD97F /* ImageWithSiteSynchronizator.h */ = {isa = PBXFileReference; fileEncoding = 4; lastKnownFileType = sourcecode.c.h; path = ImageWithSiteSynchronizator.h; sourceTree = "<group>"; };
		E1EE7F8414AC79AA003AD981 /* DirectoryUtils.m */ = {isa = PBXFileReference; fileEncoding = 4; lastKnownFileType = sourcecode.c.objc; path = DirectoryUtils.m; sourceTree = "<group>"; };
		E1EE7F8414AC79AA003AD983 /* DirectoryUtils.h */ = {isa = PBXFileReference; fileEncoding = 4; lastKnownFileType = sourcecode.c.h; path = DirectoryUtils.h; sourceTree = "<group>"; };
		E1EE7F8414AC79AA003AD984 /* fotki_icon.png */ = {isa = PBXFileReference; lastKnownFileType = image.png; name = fotki_icon.png; path = Resources/fotki_icon.png; sourceTree = "<group>"; };
		E1EE7F8414AC79AA003AD986 /* fotki_icon.icns */ = {isa = PBXFileReference; lastKnownFileType = image.icns; name = fotki_icon.icns; path = Resources/fotki_icon.icns; sourceTree = "<group>"; };
		E1EE7F8414AC79AA003AD988 /* DialogUtils.m */ = {isa = PBXFileReference; fileEncoding = 4; lastKnownFileType = sourcecode.c.objc; path = DialogUtils.m; sourceTree = "<group>"; };
		E1EE7F8414AC79AA003AD98A /* DialogUtils.h */ = {isa = PBXFileReference; fileEncoding = 4; lastKnownFileType = sourcecode.c.h; path = DialogUtils.h; sourceTree = "<group>"; };
		E1EE7F8414AC79AA003AD98B /* AlbumsExtracter.m */ = {isa = PBXFileReference; fileEncoding = 4; lastKnownFileType = sourcecode.c.objc; path = AlbumsExtracter.m; sourceTree = "<group>"; };
		E1EE7F8414AC79AA003AD98D /* AlbumsExtracter.h */ = {isa = PBXFileReference; fileEncoding = 4; lastKnownFileType = sourcecode.c.h; path = AlbumsExtracter.h; sourceTree = "<group>"; };
		E1EE7F8414AC79AA003AD98F /* DragStatusView.m */ = {isa = PBXFileReference; fileEncoding = 4; lastKnownFileType = sourcecode.c.objc; path = DragStatusView.m; sourceTree = "<group>"; };
		E1EE7F8414AC79AA003AD991 /* DragStatusView.h */ = {isa = PBXFileReference; fileEncoding = 4; lastKnownFileType = sourcecode.c.h; path = DragStatusView.h; sourceTree = "<group>"; };
		E1EE7F8414AC79AA003AD992 /* Account.m */ = {isa = PBXFileReference; fileEncoding = 4; lastKnownFileType = sourcecode.c.objc; path = Account.m; sourceTree = "<group>"; };
		E1EE7F8414AC79AA003AD994 /* Account.h */ = {isa = PBXFileReference; fileEncoding = 4; lastKnownFileType = sourcecode.c.h; path = Account.h; sourceTree = "<group>"; };
		E1EE7F8414AC79AA003AD995 /* TextUtils.m */ = {isa = PBXFileReference; fileEncoding = 4; lastKnownFileType = sourcecode.c.objc; path = TextUtils.m; sourceTree = "<group>"; };
		E1EE7F8414AC79AA003AD997 /* TextUtils.h */ = {isa = PBXFileReference; fileEncoding = 4; lastKnownFileType = sourcecode.c.h; path = TextUtils.h; sourceTree = "<group>"; };
		E1EE7F8414AC79AA003AD998 /* CRCUtils.m */ = {isa = PBXFileReference; fileEncoding = 4; lastKnownFileType = sourcecode.c.objc; path = CRCUtils.m; sourceTree = "<group>"; };
		E1EE7F8414AC79AA003AD99A /* CRCUtils.h */ = {isa = PBXFileReference; fileEncoding = 4; lastKnownFileType = sourcecode.c.h; path = CRCUtils.h; sourceTree = "<group>"; };
		E1EE7F8414AC79AA003AD99B /* F-offline.png */ = {isa = PBXFileReference; lastKnownFileType = image.png; name = "F-offline.png"; path = "Resources/F-offline.png"; sourceTree = "<group>"; };
		E1EE7F8414AC79AA003AD99D /* F-online.png */ = {isa = PBXFileReference; lastKnownFileType = image.png; name = "F-online.png"; path = "Resources/F-online.png"; sourceTree = "<group>"; };
		E1EE7F8414AC79AA003AD99F /* DateUtils.m */ = {isa = PBXFileReference; fileEncoding = 4; lastKnownFileType = sourcecode.c.objc; path = DateUtils.m; sourceTree = "<group>"; };
		E1EE7F8414AC79AA003AD9A1 /* DateUtils.h */ = {isa = PBXFileReference; fileEncoding = 4; lastKnownFileType = sourcecode.c.h; path = DateUtils.h; sourceTree = "<group>"; };
		E1EE7F8414AC79AA003AD9A3 /* ApiAuthenticationException.h */ = {isa = PBXFileReference; fileEncoding = 4; lastKnownFileType = sourcecode.c.h; path = ApiAuthenticationException.h; sourceTree = "<group>"; };
		E1EE7F8414AC79AA003AD9A4 /* ApiAuthenticationException.m */ = {isa = PBXFileReference; fileEncoding = 4; lastKnownFileType = sourcecode.c.objc; path = ApiAuthenticationException.m; sourceTree = "<group>"; };
		E1EE7F8414AC79AA003AD9A6 /* ApiConnectionException.h */ = {isa = PBXFileReference; fileEncoding = 4; lastKnownFileType = sourcecode.c.h; path = ApiConnectionException.h; sourceTree = "<group>"; };
		E1EE7F8414AC79AA003AD9A7 /* ApiConnectionException.m */ = {isa = PBXFileReference; fileEncoding = 4; lastKnownFileType = sourcecode.c.objc; path = ApiConnectionException.m; sourceTree = "<group>"; };
		E1EE7F8414AC79AA003AD9A9 /* ApiException.h */ = {isa = PBXFileReference; fileEncoding = 4; lastKnownFileType = sourcecode.c.h; path = ApiException.h; sourceTree = "<group>"; };
		E1EE7F8414AC79AA003AD9AA /* ApiException.m */ = {isa = PBXFileReference; fileEncoding = 4; lastKnownFileType = sourcecode.c.objc; path = ApiException.m; sourceTree = "<group>"; };
		E1EE7F8414AC79AA003AD9AC /* ApiCallResult.h */ = {isa = PBXFileReference; fileEncoding = 4; lastKnownFileType = sourcecode.c.h; path = ApiCallResult.h; sourceTree = "<group>"; };
		E1EE7F8414AC79AA003AD9AD /* ApiCallResult.m */ = {isa = PBXFileReference; fileEncoding = 4; lastKnownFileType = sourcecode.c.objc; path = ApiCallResult.m; sourceTree = "<group>"; };
		E1EE7F8414AC79AA003AD9AF /* ApiNotFoundException.h */ = {isa = PBXFileReference; fileEncoding = 4; lastKnownFileType = sourcecode.c.h; path = ApiNotFoundException.h; sourceTree = "<group>"; };
		E1EE7F8414AC79AA003AD9B0 /* ApiNotFoundException.m */ = {isa = PBXFileReference; fileEncoding = 4; lastKnownFileType = sourcecode.c.objc; path = ApiNotFoundException.m; sourceTree = "<group>"; };
		E1EE7F8414AC79AA003AD9B2 /* ApiServiceException.m */ = {isa = PBXFileReference; fileEncoding = 4; lastKnownFileType = sourcecode.c.objc; path = ApiServiceException.m; sourceTree = "<group>"; };
		E1EE7F8414AC79AA003AD9B4 /* ApiServiceException.h */ = {isa = PBXFileReference; fileEncoding = 4; lastKnownFileType = sourcecode.c.h; path = ApiServiceException.h; sourceTree = "<group>"; };
		E1EE7F8414AC79AA003AD9B5 /* UploadWindowController.m */ = {isa = PBXFileReference; fileEncoding = 4; lastKnownFileType = sourcecode.c.objc; path = UploadWindowController.m; sourceTree = "<group>"; };
		E1EE7F8414AC79AA003AD9B7 /* UploadWindowController.h */ = {isa = PBXFileReference; fileEncoding = 4; lastKnownFileType = sourcecode.c.h; path = UploadWindowController.h; sourceTree = "<group>"; };
		E1EE7F8414AC79AA003AD9B8 /* Callbacks.h */ = {isa = PBXFileReference; fileEncoding = 4; lastKnownFileType = sourcecode.c.h; path = Callbacks.h; sourceTree = "<group>"; };
		E1EE7F8414AC79AA003AD9B9 /* UploadFilesStatisticsCalculator.h */ = {isa = PBXFileReference; fileEncoding = 4; lastKnownFileType = sourcecode.c.h; path = UploadFilesStatisticsCalculator.h; sourceTree = "<group>"; };
		E1EE7F8414AC79AA003AD9BA /* UploadFilesStatisticsCalculator.m */ = {isa = PBXFileReference; fileEncoding = 4; lastKnownFileType = sourcecode.c.objc; path = UploadFilesStatisticsCalculator.m; sourceTree = "<group>"; };
		E1EE7F8414AC79AA003AD9BD /* UploadFilesDataSource.m */ = {isa = PBXFileReference; fileEncoding = 4; lastKnownFileType = sourcecode.c.objc; path = UploadFilesDataSource.m; sourceTree = "<group>"; };
		E1EE7F8414AC79AA003AD9BF /* UploadFilesDataSource.h */ = {isa = PBXFileReference; fileEncoding = 4; lastKnownFileType = sourcecode.c.h; path = UploadFilesDataSource.h; sourceTree = "<group>"; };
		E1EE7F8414AC79AA003AD9C0 /* ErrorsDataSource.m */ = {isa = PBXFileReference; fileEncoding = 4; lastKnownFileType = sourcecode.c.objc; path = ErrorsDataSource.m; sourceTree = "<group>"; };
		E1EE7F8414AC79AA003AD9C2 /* ErrorsDataSource.h */ = {isa = PBXFileReference; fileEncoding = 4; lastKnownFileType = sourcecode.c.h; path = ErrorsDataSource.h; sourceTree = "<group>"; };
		E1EE7F8414AC79AA003AD9C3 /* UploadError.m */ = {isa = PBXFileReference; fileEncoding = 4; lastKnownFileType = sourcecode.c.objc; path = UploadError.m; sourceTree = "<group>"; };
		E1EE7F8414AC79AA003AD9C5 /* UploadError.h */ = {isa = PBXFileReference; fileEncoding = 4; lastKnownFileType = sourcecode.c.h; path = UploadError.h; sourceTree = "<group>"; };
		E1EE7F8414AC79AA003AD9C6 /* AboutWindowController.m */ = {isa = PBXFileReference; fileEncoding = 4; lastKnownFileType = sourcecode.c.objc; path = AboutWindowController.m; sourceTree = "<group>"; };
		E1EE7F8414AC79AA003AD9C8 /* AboutWindowController.h */ = {isa = PBXFileReference; fileEncoding = 4; lastKnownFileType = sourcecode.c.h; path = AboutWindowController.h; sourceTree = "<group>"; };
		E1EE7F8414AC79AA003AD9CA /* ClickableTextField.m */ = {isa = PBXFileReference; fileEncoding = 4; lastKnownFileType = sourcecode.c.objc; path = ClickableTextField.m; sourceTree = "<group>"; };
		E1EE7F8414AC79AA003AD9CC /* ClickableTextField.h */ = {isa = PBXFileReference; fileEncoding = 4; lastKnownFileType = sourcecode.c.h; path = ClickableTextField.h; sourceTree = "<group>"; };
		E1EE7F8414AC79AA003AD9CD /* UploadTableView.m */ = {isa = PBXFileReference; fileEncoding = 4; lastKnownFileType = sourcecode.c.objc; path = UploadTableView.m; sourceTree = "<group>"; };
		E1EE7F8414AC79AA003AD9CF /* UploadTableView.h */ = {isa = PBXFileReference; fileEncoding = 4; lastKnownFileType = sourcecode.c.h; path = UploadTableView.h; sourceTree = "<group>"; };
/* End PBXFileReference section */

/* Begin PBXFrameworksBuildPhase section */
		E1EA4A1E14A59F0400EE9703 /* Frameworks */ = {
			isa = PBXFrameworksBuildPhase;
			buildActionMask = 2147483647;
			files = (
				2521F1C714EB76B400A78B65 /* libz.dylib in Frameworks */,
				E1DA1C1614B44A2C00E44BE2 /* QuickLook.framework in Frameworks */,
				E1EA4A2614A59F0400EE9703 /* Cocoa.framework in Frameworks */,
			);
			runOnlyForDeploymentPostprocessing = 0;
		};
		E1EA4A3E14A59F0400EE9703 /* Frameworks */ = {
			isa = PBXFrameworksBuildPhase;
			buildActionMask = 2147483647;
			files = (
				E1EA4A4414A59F0400EE9703 /* SenTestingKit.framework in Frameworks */,
				E1EA4A4514A59F0400EE9703 /* Cocoa.framework in Frameworks */,
			);
			runOnlyForDeploymentPostprocessing = 0;
		};
/* End PBXFrameworksBuildPhase section */

/* Begin PBXGroup section */
		E1EA4A1614A59F0300EE9703 = {
			isa = PBXGroup;
			children = (
				2521F1C614EB76B400A78B65 /* libz.dylib */,
				E1DA1C1514B44A2C00E44BE2 /* QuickLook.framework */,
				E1EA4A2B14A59F0400EE9703 /* Fotki */,
				E1EA4A4814A59F0400EE9703 /* FotkiTests */,
				E1EA4A2414A59F0400EE9703 /* Frameworks */,
				E1EA4A2214A59F0400EE9703 /* Products */,
				E1EE7F7E14AC798E003AD8DF /* Resources */,
			);
			sourceTree = "<group>";
		};
		E1EA4A2214A59F0400EE9703 /* Products */ = {
			isa = PBXGroup;
			children = (
				E1EA4A2114A59F0400EE9703 /* Fotki.app */,
				E1EA4A4214A59F0400EE9703 /* FotkiTests.octest */,
			);
			name = Products;
			sourceTree = "<group>";
		};
		E1EA4A2414A59F0400EE9703 /* Frameworks */ = {
			isa = PBXGroup;
			children = (
				E1EA4A2514A59F0400EE9703 /* Cocoa.framework */,
				E1EA4A4314A59F0400EE9703 /* SenTestingKit.framework */,
				E1EA4A2714A59F0400EE9703 /* Other Frameworks */,
			);
			name = Frameworks;
			sourceTree = "<group>";
		};
		E1EA4A2714A59F0400EE9703 /* Other Frameworks */ = {
			isa = PBXGroup;
			children = (
				E1EA4A2814A59F0400EE9703 /* AppKit.framework */,
				E1EA4A2914A59F0400EE9703 /* CoreData.framework */,
				E1EA4A2A14A59F0400EE9703 /* Foundation.framework */,
			);
			name = "Other Frameworks";
			sourceTree = "<group>";
		};
		E1EA4A2B14A59F0400EE9703 /* Fotki */ = {
			isa = PBXGroup;
			children = (
				E1EE7F8414AC79AA003AD9C8 /* AboutWindowController.h */,
				E1EE7F8414AC79AA003AD9C6 /* AboutWindowController.m */,
				E1EE7F8414AC79AA003AD9B7 /* UploadWindowController.h */,
				E1EE7F8414AC79AA003AD9B5 /* UploadWindowController.m */,
				E1EE7F8414AC79AA003AD91D /* Consts.h */,
				E1EA4A3714A59F0400EE9703 /* AppDelegate.h */,
				E1EA4A3814A59F0400EE9703 /* AppDelegate.m */,
				E1EA4A3A14A59F0400EE9703 /* MainMenu.xib */,
				E1EA4A2C14A59F0400EE9703 /* Supporting Files */,
				E1EE7F8414AC79AA003AD8E0 /* Lib */,
				E1AF2C9B14EF51E100ABF258 /* SettingsWindowController.h */,
				E1AF2C9C14EF51E100ABF258 /* SettingsWindowController.m */,
				E1AF2C9F14EF531F00ABF258 /* SettingsWindow.xib */,
				E1AF2CB114EFDC9C00ABF258 /* UploadWindow.xib */,
				25D54F9E14F55B1F00A2D7E6 /* AboutWindow.xib */,
			);
			path = Fotki;
			sourceTree = "<group>";
		};
		E1EA4A2C14A59F0400EE9703 /* Supporting Files */ = {
			isa = PBXGroup;
			children = (
				E1EA4A2D14A59F0400EE9703 /* Fotki-Info.plist */,
				E1EA4A2E14A59F0400EE9703 /* InfoPlist.strings */,
				E1EA4A3114A59F0400EE9703 /* main.m */,
				E1EA4A3314A59F0400EE9703 /* Fotki-Prefix.pch */,
				E1EA4A3414A59F0400EE9703 /* Credits.rtf */,
			);
			name = "Supporting Files";
			sourceTree = "<group>";
		};
		E1EA4A4814A59F0400EE9703 /* FotkiTests */ = {
			isa = PBXGroup;
			children = (
				E1EA4A4E14A59F0400EE9703 /* FotkiTests.h */,
				E1EA4A4F14A59F0400EE9703 /* FotkiTests.m */,
				E1EA4A4914A59F0400EE9703 /* Supporting Files */,
			);
			path = FotkiTests;
			sourceTree = "<group>";
		};
		E1EA4A4914A59F0400EE9703 /* Supporting Files */ = {
			isa = PBXGroup;
			children = (
				E1EA4A4A14A59F0400EE9703 /* FotkiTests-Info.plist */,
				E1EA4A4B14A59F0400EE9703 /* InfoPlist.strings */,
			);
			name = "Supporting Files";
			sourceTree = "<group>";
		};
		E1EE7F7E14AC798E003AD8DF /* Resources */ = {
			isa = PBXGroup;
			children = (
				E1EE7F8414AC79AA003AD99D /* F-online.png */,
				E1EE7F8414AC79AA003AD99B /* F-offline.png */,
				E1EE7F8414AC79AA003AD986 /* fotki_icon.icns */,
				E1EE7F8414AC79AA003AD984 /* fotki_icon.png */,
				E1EE7F7F14AC79AA003AD8DF /* check.icns */,
				E1EE7F8014AC79AA003AD8DF /* nosync.icns */,
				E1EE7F8114AC79AA003AD8DF /* updated.icns */,
			);
			name = Resources;
			sourceTree = "<group>";
		};
		E1EE7F8414AC79AA003AD8E0 /* Lib */ = {
			isa = PBXGroup;
			children = (
				E1EE7F8414AC79AA003AD9BA /* UploadFilesStatisticsCalculator.m */,
				E1EE7F8414AC79AA003AD9B9 /* UploadFilesStatisticsCalculator.h */,
				E1EE7F8414AC79AA003AD9B8 /* Callbacks.h */,
				E1EE7F8414AC79AA003AD8F2 /* FileSystemHelper.h */,
				E1EE7F8414AC79AA003AD8F0 /* FileSystemHelper.m */,
				E1EE7F8414AC79AA003AD8EC /* NSImage+Helper.h */,
				E1EE7F8414AC79AA003AD8EA /* NSImage+Helper.m */,
				E1EE7F8414AC79AA003AD8E9 /* Finder.h */,
				E1EE7F8414AC79AA003AD8E7 /* Finder.m */,
				E1EE7F8414AC79AA003AD8E6 /* FileSystemMonitor.h */,
				E1EE7F8414AC79AA003AD8E4 /* FileSystemMonitor.m */,
				E1EE7F8414AC79AA003AD8F3 /* FileMD5Hash */,
				E1EE7F8414AC79AA003AD8F8 /* FotkiService */,
				E1EE7F8414AC79AA003AD8FC /* AFNetworking */,
				E1EE7F8414AC79AA003AD91E /* TouchXML */,
				E1EE7F8414AC79AA003AD96E /* Extensions */,
				E1EE7F8414AC79AA003AD978 /* ImageUtils */,
				E1EE7F8414AC79AA003AD980 /* Utils */,
				E1EE7F8414AC79AA003AD98E /* DragAndDrop */,
				E1EE7F8414AC79AA003AD9BC /* DataSources */,
				E1EE7F8414AC79AA003AD9C9 /* CustomComponents */,
			);
			path = Lib;
			sourceTree = "<group>";
		};
		E1EE7F8414AC79AA003AD8F3 /* FileMD5Hash */ = {
			isa = PBXGroup;
			children = (
				E1EE7F8414AC79AA003AD8F7 /* FileMD5Hash_Prefix.pch */,
				E1EE7F8414AC79AA003AD8F6 /* FileMD5Hash.h */,
				E1EE7F8414AC79AA003AD8F4 /* FileMD5Hash.c */,
			);
			path = FileMD5Hash;
			sourceTree = "<group>";
		};
		E1EE7F8414AC79AA003AD8F8 /* FotkiService */ = {
			isa = PBXGroup;
			children = (
				E1EE7F8414AC79AA003AD949 /* Data */,
				E1EE7F8414AC79AA003AD959 /* Errors */,
				E1EE7F8414AC79AA003AD960 /* Facade */,
				E1EE7F8414AC79AA003AD961 /* FoldersTree */,
				E1EE7F8414AC79AA003AD962 /* Downloaders */,
				E1EE7F8414AC79AA003AD96A /* Checkout */,
				E1EE7F8414AC79AA003AD97C /* Synchronization */,
			);
			path = FotkiService;
			sourceTree = "<group>";
		};
		E1EE7F8414AC79AA003AD8FC /* AFNetworking */ = {
			isa = PBXGroup;
			children = (
				E1EE7F8414AC79AA003AD91B /* UIImageView+AFNetworking.m */,
				E1EE7F8414AC79AA003AD91A /* UIImageView+AFNetworking.h */,
				E1EE7F8414AC79AA003AD918 /* AFXMLRequestOperation.m */,
				E1EE7F8414AC79AA003AD917 /* AFXMLRequestOperation.h */,
				E1EE7F8414AC79AA003AD915 /* AFURLConnectionOperation.m */,
				E1EE7F8414AC79AA003AD914 /* AFURLConnectionOperation.h */,
				E1EE7F8414AC79AA003AD912 /* AFPropertyListRequestOperation.m */,
				E1EE7F8414AC79AA003AD911 /* AFPropertyListRequestOperation.h */,
				E1EE7F8414AC79AA003AD910 /* AFNetworking.h */,
				E1EE7F8414AC79AA003AD90E /* AFNetworkActivityIndicatorManager.m */,
				E1EE7F8414AC79AA003AD90D /* AFNetworkActivityIndicatorManager.h */,
				E1EE7F8414AC79AA003AD90C /* AFJSONUtilities.h */,
				E1EE7F8414AC79AA003AD90A /* AFJSONRequestOperation.m */,
				E1EE7F8414AC79AA003AD909 /* AFJSONRequestOperation.h */,
				E1EE7F8414AC79AA003AD907 /* AFImageRequestOperation.m */,
				E1EE7F8414AC79AA003AD906 /* AFImageRequestOperation.h */,
				E1EE7F8414AC79AA003AD904 /* AFImageCache.m */,
				E1EE7F8414AC79AA003AD903 /* AFImageCache.h */,
				E1EE7F8414AC79AA003AD901 /* AFHTTPRequestOperation.m */,
				E1EE7F8414AC79AA003AD900 /* AFHTTPRequestOperation.h */,
				E1EE7F8414AC79AA003AD8FE /* AFHTTPClient.m */,
				E1EE7F8414AC79AA003AD8FD /* AFHTTPClient.h */,
			);
			path = AFNetworking;
			sourceTree = "<group>";
		};
		E1EE7F8414AC79AA003AD91E /* TouchXML */ = {
			isa = PBXGroup;
			children = (
				E1EE7F8414AC79AA003AD948 /* TouchXML.h */,
				E1EE7F8414AC79AA003AD942 /* CXMLNode.m */,
				E1EE7F8414AC79AA003AD941 /* CXMLNode.h */,
				E1EE7F8414AC79AA003AD93F /* CXMLNode_XPathExtensions.m */,
				E1EE7F8414AC79AA003AD93E /* CXMLNode_XPathExtensions.h */,
				E1EE7F8414AC79AA003AD93C /* CXMLNode_PrivateExtensions.m */,
				E1EE7F8414AC79AA003AD93B /* CXMLNode_PrivateExtensions.h */,
				E1EE7F8414AC79AA003AD939 /* CXMLNamespaceNode.m */,
				E1EE7F8414AC79AA003AD938 /* CXMLNamespaceNode.h */,
				E1EE7F8414AC79AA003AD936 /* CXMLElement.m */,
				E1EE7F8414AC79AA003AD935 /* CXMLElement.h */,
				E1EE7F8414AC79AA003AD933 /* CXMLElement_ElementTreeExtensions.m */,
				E1EE7F8414AC79AA003AD932 /* CXMLElement_ElementTreeExtensions.h */,
				E1EE7F8414AC79AA003AD930 /* CXMLElement_CreationExtensions.m */,
				E1EE7F8414AC79AA003AD92F /* CXMLElement_CreationExtensions.h */,
				E1EE7F8414AC79AA003AD92D /* CXMLDocument.m */,
				E1EE7F8414AC79AA003AD92C /* CXMLDocument.h */,
				E1EE7F8414AC79AA003AD92A /* CXMLDocument_PrivateExtensions.m */,
				E1EE7F8414AC79AA003AD929 /* CXMLDocument_PrivateExtensions.h */,
				E1EE7F8414AC79AA003AD927 /* CXHTMLDocument.m */,
				E1EE7F8414AC79AA003AD926 /* CXHTMLDocument.h */,
				E1EE7F8414AC79AA003AD91F /* Creation */,
				E1EE7F8414AC79AA003AD944 /* Tidy */,
			);
			path = TouchXML;
			sourceTree = "<group>";
		};
		E1EE7F8414AC79AA003AD91F /* Creation */ = {
			isa = PBXGroup;
			children = (
				E1EE7F8414AC79AA003AD924 /* CXMLNode_CreationExtensions.m */,
				E1EE7F8414AC79AA003AD923 /* CXMLNode_CreationExtensions.h */,
				E1EE7F8414AC79AA003AD921 /* CXMLDocument_CreationExtensions.m */,
				E1EE7F8414AC79AA003AD920 /* CXMLDocument_CreationExtensions.h */,
			);
			path = Creation;
			sourceTree = "<group>";
		};
		E1EE7F8414AC79AA003AD944 /* Tidy */ = {
			isa = PBXGroup;
			children = (
				E1EE7F8414AC79AA003AD946 /* CTidy.m */,
				E1EE7F8414AC79AA003AD945 /* CTidy.h */,
			);
			path = Tidy;
			sourceTree = "<group>";
		};
		E1EE7F8414AC79AA003AD949 /* Data */ = {
			isa = PBXGroup;
			children = (
				E1EE7F8414AC79AA003AD994 /* Account.h */,
				E1EE7F8414AC79AA003AD992 /* Account.m */,
				E1EE7F8414AC79AA003AD955 /* Photo.h */,
				E1EE7F8414AC79AA003AD953 /* Photo.m */,
				E1EE7F8414AC79AA003AD94E /* Folder.m */,
				E1EE7F8414AC79AA003AD94D /* Folder.h */,
				E1EE7F8414AC79AA003AD94C /* Album.h */,
				E1EE7F8414AC79AA003AD94A /* Album.m */,
			);
			path = Data;
			sourceTree = "<group>";
		};
		E1EE7F8414AC79AA003AD959 /* Errors */ = {
			isa = PBXGroup;
			children = (
				E1EE7F8414AC79AA003AD95F /* ErrorResponseParser.h */,
				E1EE7F8414AC79AA003AD95D /* ErrorResponseParser.m */,
				E1EE7F8414AC79AA003AD95C /* Error.h */,
				E1EE7F8414AC79AA003AD95A /* Error.m */,
			);
			path = Errors;
			sourceTree = "<group>";
		};
		E1EE7F8414AC79AA003AD960 /* Facade */ = {
			isa = PBXGroup;
			children = (
				E1EE7F8414AC79AA003AD9AD /* ApiCallResult.m */,
				E1EE7F8414AC79AA003AD9AC /* ApiCallResult.h */,
				E1EE7F8414AC79AA003AD964 /* ServiceUtils.m */,
				E1EE7F8414AC79AA003AD966 /* ServiceUtils.h */,
				E1EE7F8414AC79AA003AD8F9 /* FotkiServiceFacade.m */,
				E1EE7F8414AC79AA003AD8FB /* FotkiServiceFacade.h */,
				E1EE7F8414AC79AA003AD9A2 /* Exceptions */,
			);
			path = Facade;
			sourceTree = "<group>";
		};
		E1EE7F8414AC79AA003AD961 /* FoldersTree */ = {
			isa = PBXGroup;
			children = (
				E1EE7F8414AC79AA003AD98D /* AlbumsExtracter.h */,
				E1EE7F8414AC79AA003AD98B /* AlbumsExtracter.m */,
				E1EE7F8414AC79AA003AD951 /* FoldersAndAlbumsTreeBuilder.m */,
				E1EE7F8414AC79AA003AD950 /* FoldersAndAlbumsTreeBuilder.h */,
			);
			path = FoldersTree;
			sourceTree = "<group>";
		};
		E1EE7F8414AC79AA003AD962 /* Downloaders */ = {
			isa = PBXGroup;
			children = (
				E1EE7F8414AC79AA003AD956 /* ImageDownloader.m */,
				E1EE7F8414AC79AA003AD958 /* ImageDownloader.h */,
			);
			path = Downloaders;
			sourceTree = "<group>";
		};
		E1EE7F8414AC79AA003AD96A /* Checkout */ = {
			isa = PBXGroup;
			children = (
				E1EE7F8414AC79AA003AD96D /* CheckoutManager.h */,
				E1EE7F8414AC79AA003AD96B /* CheckoutManager.m */,
			);
			path = Checkout;
			sourceTree = "<group>";
		};
		E1EE7F8414AC79AA003AD96E /* Extensions */ = {
			isa = PBXGroup;
			children = (
				E1EE7F8414AC79AA003AD976 /* NSThread+Helper.m */,
				E1EE7F8414AC79AA003AD975 /* NSThread+Helper.h */,
				E1EE7F8414AC79AA003AD973 /* Async2SyncLock.m */,
				E1EE7F8414AC79AA003AD972 /* Async2SyncLock.h */,
			);
			path = Extensions;
			sourceTree = "<group>";
		};
		E1EE7F8414AC79AA003AD978 /* ImageUtils */ = {
			isa = PBXGroup;
			children = (
				E1EE7F8414AC79AA003AD97B /* BadgeUtils.h */,
				E1EE7F8414AC79AA003AD979 /* BadgeUtils.m */,
			);
			path = ImageUtils;
			sourceTree = "<group>";
		};
		E1EE7F8414AC79AA003AD97C /* Synchronization */ = {
			isa = PBXGroup;
			children = (
				E1EE7F8414AC79AA003AD97F /* ImageWithSiteSynchronizator.h */,
				E1EE7F8414AC79AA003AD97D /* ImageWithSiteSynchronizator.m */,
			);
			path = Synchronization;
			sourceTree = "<group>";
		};
		E1EE7F8414AC79AA003AD980 /* Utils */ = {
			isa = PBXGroup;
			children = (
				E1EE7F8414AC79AA003AD9A1 /* DateUtils.h */,
				E1EE7F8414AC79AA003AD99F /* DateUtils.m */,
				E1EE7F8414AC79AA003AD99A /* CRCUtils.h */,
				E1EE7F8414AC79AA003AD998 /* CRCUtils.m */,
				E1EE7F8414AC79AA003AD997 /* TextUtils.h */,
				E1EE7F8414AC79AA003AD995 /* TextUtils.m */,
				E1EE7F8414AC79AA003AD98A /* DialogUtils.h */,
				E1EE7F8414AC79AA003AD988 /* DialogUtils.m */,
				E1EE7F8414AC79AA003AD983 /* DirectoryUtils.h */,
				E1EE7F8414AC79AA003AD981 /* DirectoryUtils.m */,
			);
			path = Utils;
			sourceTree = "<group>";
		};
		E1EE7F8414AC79AA003AD98E /* DragAndDrop */ = {
			isa = PBXGroup;
			children = (
				E1EE7F8414AC79AA003AD991 /* DragStatusView.h */,
				E1EE7F8414AC79AA003AD98F /* DragStatusView.m */,
			);
			path = DragAndDrop;
			sourceTree = "<group>";
		};
		E1EE7F8414AC79AA003AD9A2 /* Exceptions */ = {
			isa = PBXGroup;
			children = (
				E1EE7F8414AC79AA003AD9B4 /* ApiServiceException.h */,
				E1EE7F8414AC79AA003AD9B2 /* ApiServiceException.m */,
				E1EE7F8414AC79AA003AD9B0 /* ApiNotFoundException.m */,
				E1EE7F8414AC79AA003AD9AF /* ApiNotFoundException.h */,
				E1EE7F8414AC79AA003AD9AA /* ApiException.m */,
				E1EE7F8414AC79AA003AD9A9 /* ApiException.h */,
				E1EE7F8414AC79AA003AD9A7 /* ApiConnectionException.m */,
				E1EE7F8414AC79AA003AD9A6 /* ApiConnectionException.h */,
				E1EE7F8414AC79AA003AD9A4 /* ApiAuthenticationException.m */,
				E1EE7F8414AC79AA003AD9A3 /* ApiAuthenticationException.h */,
			);
			path = Exceptions;
			sourceTree = "<group>";
		};
		E1EE7F8414AC79AA003AD9BC /* DataSources */ = {
			isa = PBXGroup;
			children = (
				E1EE7F8414AC79AA003AD9C5 /* UploadError.h */,
				E1EE7F8414AC79AA003AD9C3 /* UploadError.m */,
				E1EE7F8414AC79AA003AD9C2 /* ErrorsDataSource.h */,
				E1EE7F8414AC79AA003AD9C0 /* ErrorsDataSource.m */,
				E1EE7F8414AC79AA003AD9BF /* UploadFilesDataSource.h */,
				E1EE7F8414AC79AA003AD9BD /* UploadFilesDataSource.m */,
			);
			path = DataSources;
			sourceTree = "<group>";
		};
		E1EE7F8414AC79AA003AD9C9 /* CustomComponents */ = {
			isa = PBXGroup;
			children = (
				E1EE7F8414AC79AA003AD9CF /* UploadTableView.h */,
				E1EE7F8414AC79AA003AD9CD /* UploadTableView.m */,
				E1EE7F8414AC79AA003AD9CC /* ClickableTextField.h */,
				E1EE7F8414AC79AA003AD9CA /* ClickableTextField.m */,
			);
			path = CustomComponents;
			sourceTree = "<group>";
		};
/* End PBXGroup section */

/* Begin PBXNativeTarget section */
		E1EA4A2014A59F0400EE9703 /* Fotki */ = {
			isa = PBXNativeTarget;
			buildConfigurationList = E1EA4A5314A59F0400EE9703 /* Build configuration list for PBXNativeTarget "Fotki" */;
			buildPhases = (
				E1EA4A1D14A59F0400EE9703 /* Sources */,
				E1EA4A1E14A59F0400EE9703 /* Frameworks */,
				E1EA4A1F14A59F0400EE9703 /* Resources */,
			);
			buildRules = (
			);
			dependencies = (
			);
			name = Fotki;
			productName = Fotki;
			productReference = E1EA4A2114A59F0400EE9703 /* Fotki.app */;
			productType = "com.apple.product-type.application";
		};
		E1EA4A4114A59F0400EE9703 /* FotkiTests */ = {
			isa = PBXNativeTarget;
			buildConfigurationList = E1EA4A5614A59F0400EE9703 /* Build configuration list for PBXNativeTarget "FotkiTests" */;
			buildPhases = (
				E1EA4A3D14A59F0400EE9703 /* Sources */,
				E1EA4A3E14A59F0400EE9703 /* Frameworks */,
				E1EA4A3F14A59F0400EE9703 /* Resources */,
				E1EA4A4014A59F0400EE9703 /* ShellScript */,
			);
			buildRules = (
			);
			dependencies = (
				E1EA4A4714A59F0400EE9703 /* PBXTargetDependency */,
			);
			name = FotkiTests;
			productName = FotkiTests;
			productReference = E1EA4A4214A59F0400EE9703 /* FotkiTests.octest */;
			productType = "com.apple.product-type.bundle";
		};
/* End PBXNativeTarget section */

/* Begin PBXProject section */
		E1EA4A1814A59F0300EE9703 /* Project object */ = {
			isa = PBXProject;
			attributes = {
				LastUpgradeCheck = 0420;
			};
			buildConfigurationList = E1EA4A1B14A59F0300EE9703 /* Build configuration list for PBXProject "Fotki" */;
			compatibilityVersion = "Xcode 3.2";
			developmentRegion = English;
			hasScannedForEncodings = 0;
			knownRegions = (
				en,
			);
			mainGroup = E1EA4A1614A59F0300EE9703;
			productRefGroup = E1EA4A2214A59F0400EE9703 /* Products */;
			projectDirPath = "";
			projectRoot = "";
			targets = (
				E1EA4A2014A59F0400EE9703 /* Fotki */,
				E1EA4A4114A59F0400EE9703 /* FotkiTests */,
			);
		};
/* End PBXProject section */

/* Begin PBXResourcesBuildPhase section */
		E1EA4A1F14A59F0400EE9703 /* Resources */ = {
			isa = PBXResourcesBuildPhase;
			buildActionMask = 2147483647;
			files = (
				E1EA4A3014A59F0400EE9703 /* InfoPlist.strings in Resources */,
				E1EA4A3614A59F0400EE9703 /* Credits.rtf in Resources */,
				E1EA4A3C14A59F0400EE9703 /* MainMenu.xib in Resources */,
				E1EE7F8214AC79AA003AD8DF /* check.icns in Resources */,
				E1EE7F8314AC79AA003AD8DF /* nosync.icns in Resources */,
				E1EE7F8414AC79AA003AD8DF /* updated.icns in Resources */,
				E1EE7F8414AC79AA003AD985 /* fotki_icon.png in Resources */,
				E1EE7F8414AC79AA003AD987 /* fotki_icon.icns in Resources */,
				E1EE7F8414AC79AA003AD99C /* F-offline.png in Resources */,
				E1EE7F8414AC79AA003AD99E /* F-online.png in Resources */,
				E1AF2CA014EF531F00ABF258 /* SettingsWindow.xib in Resources */,
				E1AF2CB214EFDC9C00ABF258 /* UploadWindow.xib in Resources */,
				25D54F9F14F55B1F00A2D7E6 /* AboutWindow.xib in Resources */,
			);
			runOnlyForDeploymentPostprocessing = 0;
		};
		E1EA4A3F14A59F0400EE9703 /* Resources */ = {
			isa = PBXResourcesBuildPhase;
			buildActionMask = 2147483647;
			files = (
				E1EA4A4D14A59F0400EE9703 /* InfoPlist.strings in Resources */,
			);
			runOnlyForDeploymentPostprocessing = 0;
		};
/* End PBXResourcesBuildPhase section */

/* Begin PBXShellScriptBuildPhase section */
		E1EA4A4014A59F0400EE9703 /* ShellScript */ = {
			isa = PBXShellScriptBuildPhase;
			buildActionMask = 2147483647;
			files = (
			);
			inputPaths = (
			);
			outputPaths = (
			);
			runOnlyForDeploymentPostprocessing = 0;
			shellPath = /bin/sh;
			shellScript = "# Run the unit tests in this test bundle.\n\"${SYSTEM_DEVELOPER_DIR}/Tools/RunUnitTests\"\n";
		};
/* End PBXShellScriptBuildPhase section */

/* Begin PBXSourcesBuildPhase section */
		E1EA4A1D14A59F0400EE9703 /* Sources */ = {
			isa = PBXSourcesBuildPhase;
			buildActionMask = 2147483647;
			files = (
				E1EA4A3214A59F0400EE9703 /* main.m in Sources */,
				E1EA4A3914A59F0400EE9703 /* AppDelegate.m in Sources */,
				E1EE7F8414AC79AA003AD8E5 /* FileSystemMonitor.m in Sources */,
				E1EE7F8414AC79AA003AD8E8 /* Finder.m in Sources */,
				E1EE7F8414AC79AA003AD8EB /* NSImage+Helper.m in Sources */,
				E1EE7F8414AC79AA003AD8F1 /* FileSystemHelper.m in Sources */,
				E1EE7F8414AC79AA003AD8F5 /* FileMD5Hash.c in Sources */,
				E1EE7F8414AC79AA003AD8FA /* FotkiServiceFacade.m in Sources */,
				E1EE7F8414AC79AA003AD8FF /* AFHTTPClient.m in Sources */,
				E1EE7F8414AC79AA003AD902 /* AFHTTPRequestOperation.m in Sources */,
				E1EE7F8414AC79AA003AD905 /* AFImageCache.m in Sources */,
				E1EE7F8414AC79AA003AD908 /* AFImageRequestOperation.m in Sources */,
				E1EE7F8414AC79AA003AD90B /* AFJSONRequestOperation.m in Sources */,
				E1EE7F8414AC79AA003AD90F /* AFNetworkActivityIndicatorManager.m in Sources */,
				E1EE7F8414AC79AA003AD913 /* AFPropertyListRequestOperation.m in Sources */,
				E1EE7F8414AC79AA003AD916 /* AFURLConnectionOperation.m in Sources */,
				E1EE7F8414AC79AA003AD919 /* AFXMLRequestOperation.m in Sources */,
				E1EE7F8414AC79AA003AD91C /* UIImageView+AFNetworking.m in Sources */,
				E1EE7F8414AC79AA003AD922 /* CXMLDocument_CreationExtensions.m in Sources */,
				E1EE7F8414AC79AA003AD925 /* CXMLNode_CreationExtensions.m in Sources */,
				E1EE7F8414AC79AA003AD928 /* CXHTMLDocument.m in Sources */,
				E1EE7F8414AC79AA003AD92B /* CXMLDocument_PrivateExtensions.m in Sources */,
				E1EE7F8414AC79AA003AD92E /* CXMLDocument.m in Sources */,
				E1EE7F8414AC79AA003AD931 /* CXMLElement_CreationExtensions.m in Sources */,
				E1EE7F8414AC79AA003AD934 /* CXMLElement_ElementTreeExtensions.m in Sources */,
				E1EE7F8414AC79AA003AD937 /* CXMLElement.m in Sources */,
				E1EE7F8414AC79AA003AD93A /* CXMLNamespaceNode.m in Sources */,
				E1EE7F8414AC79AA003AD93D /* CXMLNode_PrivateExtensions.m in Sources */,
				E1EE7F8414AC79AA003AD940 /* CXMLNode_XPathExtensions.m in Sources */,
				E1EE7F8414AC79AA003AD943 /* CXMLNode.m in Sources */,
				E1EE7F8414AC79AA003AD947 /* CTidy.m in Sources */,
				E1EE7F8414AC79AA003AD94B /* Album.m in Sources */,
				E1EE7F8414AC79AA003AD94F /* Folder.m in Sources */,
				E1EE7F8414AC79AA003AD952 /* FoldersAndAlbumsTreeBuilder.m in Sources */,
				E1EE7F8414AC79AA003AD954 /* Photo.m in Sources */,
				E1EE7F8414AC79AA003AD957 /* ImageDownloader.m in Sources */,
				E1EE7F8414AC79AA003AD95B /* Error.m in Sources */,
				E1EE7F8414AC79AA003AD95E /* ErrorResponseParser.m in Sources */,
				E1EE7F8414AC79AA003AD965 /* ServiceUtils.m in Sources */,
				E1EE7F8414AC79AA003AD96C /* CheckoutManager.m in Sources */,
				E1EE7F8414AC79AA003AD974 /* Async2SyncLock.m in Sources */,
				E1EE7F8414AC79AA003AD977 /* NSThread+Helper.m in Sources */,
				E1EE7F8414AC79AA003AD97A /* BadgeUtils.m in Sources */,
				E1EE7F8414AC79AA003AD97E /* ImageWithSiteSynchronizator.m in Sources */,
				E1EE7F8414AC79AA003AD982 /* DirectoryUtils.m in Sources */,
				E1EE7F8414AC79AA003AD989 /* DialogUtils.m in Sources */,
				E1EE7F8414AC79AA003AD98C /* AlbumsExtracter.m in Sources */,
				E1EE7F8414AC79AA003AD990 /* DragStatusView.m in Sources */,
				E1EE7F8414AC79AA003AD993 /* Account.m in Sources */,
				E1EE7F8414AC79AA003AD996 /* TextUtils.m in Sources */,
				E1EE7F8414AC79AA003AD999 /* CRCUtils.m in Sources */,
				E1EE7F8414AC79AA003AD9A0 /* DateUtils.m in Sources */,
				E1AF2C9D14EF51E100ABF258 /* SettingsWindowController.m in Sources */,
				E1EE7F8414AC79AA003AD9A5 /* ApiAuthenticationException.m in Sources */,
				E1EE7F8414AC79AA003AD9A8 /* ApiConnectionException.m in Sources */,
				E1EE7F8414AC79AA003AD9AB /* ApiException.m in Sources */,
				E1EE7F8414AC79AA003AD9AE /* ApiCallResult.m in Sources */,
				E1EE7F8414AC79AA003AD9B1 /* ApiNotFoundException.m in Sources */,
				E1EE7F8414AC79AA003AD9B3 /* ApiServiceException.m in Sources */,
				E1EE7F8414AC79AA003AD9B6 /* UploadWindowController.m in Sources */,
				E1EE7F8414AC79AA003AD9BB /* UploadFilesStatisticsCalculator.m in Sources */,
				E1EE7F8414AC79AA003AD9BE /* UploadFilesDataSource.m in Sources */,
				E1EE7F8414AC79AA003AD9C1 /* ErrorsDataSource.m in Sources */,
				E1EE7F8414AC79AA003AD9C4 /* UploadError.m in Sources */,
				E1EE7F8414AC79AA003AD9C7 /* AboutWindowController.m in Sources */,
				E1EE7F8414AC79AA003AD9CB /* ClickableTextField.m in Sources */,
				E1EE7F8414AC79AA003AD9CE /* UploadTableView.m in Sources */,
			);
			runOnlyForDeploymentPostprocessing = 0;
		};
		E1EA4A3D14A59F0400EE9703 /* Sources */ = {
			isa = PBXSourcesBuildPhase;
			buildActionMask = 2147483647;
			files = (
				E1EA4A5014A59F0400EE9703 /* FotkiTests.m in Sources */,
			);
			runOnlyForDeploymentPostprocessing = 0;
		};
/* End PBXSourcesBuildPhase section */

/* Begin PBXTargetDependency section */
		E1EA4A4714A59F0400EE9703 /* PBXTargetDependency */ = {
			isa = PBXTargetDependency;
			target = E1EA4A2014A59F0400EE9703 /* Fotki */;
			targetProxy = E1EA4A4614A59F0400EE9703 /* PBXContainerItemProxy */;
		};
/* End PBXTargetDependency section */

/* Begin PBXVariantGroup section */
		E1EA4A2E14A59F0400EE9703 /* InfoPlist.strings */ = {
			isa = PBXVariantGroup;
			children = (
				E1EA4A2F14A59F0400EE9703 /* en */,
			);
			name = InfoPlist.strings;
			sourceTree = "<group>";
		};
		E1EA4A3414A59F0400EE9703 /* Credits.rtf */ = {
			isa = PBXVariantGroup;
			children = (
				E1EA4A3514A59F0400EE9703 /* en */,
			);
			name = Credits.rtf;
			sourceTree = "<group>";
		};
		E1EA4A3A14A59F0400EE9703 /* MainMenu.xib */ = {
			isa = PBXVariantGroup;
			children = (
				E1EA4A3B14A59F0400EE9703 /* en */,
			);
			name = MainMenu.xib;
			sourceTree = "<group>";
		};
		E1EA4A4B14A59F0400EE9703 /* InfoPlist.strings */ = {
			isa = PBXVariantGroup;
			children = (
				E1EA4A4C14A59F0400EE9703 /* en */,
			);
			name = InfoPlist.strings;
			sourceTree = "<group>";
		};
/* End PBXVariantGroup section */

/* Begin XCBuildConfiguration section */
		E1EA4A5114A59F0400EE9703 /* Debug */ = {
			isa = XCBuildConfiguration;
			buildSettings = {
				ALWAYS_SEARCH_USER_PATHS = NO;
				ARCHS = "$(ARCHS_STANDARD_64_BIT)";
				COPY_PHASE_STRIP = NO;
				GCC_C_LANGUAGE_STANDARD = gnu99;
				GCC_DYNAMIC_NO_PIC = NO;
				GCC_ENABLE_OBJC_EXCEPTIONS = YES;
				GCC_OPTIMIZATION_LEVEL = 0;
				GCC_PREPROCESSOR_DEFINITIONS = (
					"DEBUG=1",
					"$(inherited)",
				);
				GCC_SYMBOLS_PRIVATE_EXTERN = NO;
				GCC_VERSION = com.apple.compilers.llvm.clang.1_0;
				GCC_WARN_64_TO_32_BIT_CONVERSION = YES;
				GCC_WARN_ABOUT_MISSING_PROTOTYPES = YES;
				GCC_WARN_ABOUT_RETURN_TYPE = YES;
				GCC_WARN_UNUSED_VARIABLE = YES;
				MACOSX_DEPLOYMENT_TARGET = 10.7;
				ONLY_ACTIVE_ARCH = YES;
				SDKROOT = macosx;
			};
			name = Debug;
		};
		E1EA4A5214A59F0400EE9703 /* Release */ = {
			isa = XCBuildConfiguration;
			buildSettings = {
				ALWAYS_SEARCH_USER_PATHS = NO;
				ARCHS = "$(ARCHS_STANDARD_64_BIT)";
				COPY_PHASE_STRIP = YES;
				DEBUG_INFORMATION_FORMAT = "dwarf-with-dsym";
				GCC_C_LANGUAGE_STANDARD = gnu99;
				GCC_ENABLE_OBJC_EXCEPTIONS = YES;
				GCC_VERSION = com.apple.compilers.llvm.clang.1_0;
				GCC_WARN_64_TO_32_BIT_CONVERSION = YES;
				GCC_WARN_ABOUT_MISSING_PROTOTYPES = YES;
				GCC_WARN_ABOUT_RETURN_TYPE = YES;
				GCC_WARN_UNUSED_VARIABLE = YES;
				MACOSX_DEPLOYMENT_TARGET = 10.7;
				SDKROOT = macosx;
			};
			name = Release;
		};
		E1EA4A5414A59F0400EE9703 /* Debug */ = {
			isa = XCBuildConfiguration;
			buildSettings = {
				GCC_PRECOMPILE_PREFIX_HEADER = YES;
				GCC_PREFIX_HEADER = "Fotki/Fotki-Prefix.pch";
				"HEADER_SEARCH_PATHS[arch=*]" = /usr/include/libxml2;
				INFOPLIST_FILE = "Fotki/Fotki-Info.plist";
				OTHER_LDFLAGS = "-lxml2";
				PRODUCT_NAME = "$(TARGET_NAME)";
				WRAPPER_EXTENSION = app;
			};
			name = Debug;
		};
		E1EA4A5514A59F0400EE9703 /* Release */ = {
			isa = XCBuildConfiguration;
			buildSettings = {
				GCC_PRECOMPILE_PREFIX_HEADER = YES;
				GCC_PREFIX_HEADER = "Fotki/Fotki-Prefix.pch";
				"HEADER_SEARCH_PATHS[arch=*]" = /usr/include/libxml2;
				INFOPLIST_FILE = "Fotki/Fotki-Info.plist";
				OTHER_LDFLAGS = "-lxml2";
				PRODUCT_NAME = "$(TARGET_NAME)";
				WRAPPER_EXTENSION = app;
			};
			name = Release;
		};
		E1EA4A5714A59F0400EE9703 /* Debug */ = {
			isa = XCBuildConfiguration;
			buildSettings = {
				BUNDLE_LOADER = "$(BUILT_PRODUCTS_DIR)/Fotki.app/Contents/MacOS/Fotki";
				FRAMEWORK_SEARCH_PATHS = "$(DEVELOPER_LIBRARY_DIR)/Frameworks";
				GCC_PRECOMPILE_PREFIX_HEADER = YES;
				GCC_PREFIX_HEADER = "Fotki/Fotki-Prefix.pch";
				INFOPLIST_FILE = "FotkiTests/FotkiTests-Info.plist";
				PRODUCT_NAME = "$(TARGET_NAME)";
				TEST_HOST = "$(BUNDLE_LOADER)";
				WRAPPER_EXTENSION = octest;
			};
			name = Debug;
		};
		E1EA4A5814A59F0400EE9703 /* Release */ = {
			isa = XCBuildConfiguration;
			buildSettings = {
				BUNDLE_LOADER = "$(BUILT_PRODUCTS_DIR)/Fotki.app/Contents/MacOS/Fotki";
				FRAMEWORK_SEARCH_PATHS = "$(DEVELOPER_LIBRARY_DIR)/Frameworks";
				GCC_PRECOMPILE_PREFIX_HEADER = YES;
				GCC_PREFIX_HEADER = "Fotki/Fotki-Prefix.pch";
				INFOPLIST_FILE = "FotkiTests/FotkiTests-Info.plist";
				PRODUCT_NAME = "$(TARGET_NAME)";
				TEST_HOST = "$(BUNDLE_LOADER)";
				WRAPPER_EXTENSION = octest;
			};
			name = Release;
		};
/* End XCBuildConfiguration section */

/* Begin XCConfigurationList section */
		E1EA4A1B14A59F0300EE9703 /* Build configuration list for PBXProject "Fotki" */ = {
			isa = XCConfigurationList;
			buildConfigurations = (
				E1EA4A5114A59F0400EE9703 /* Debug */,
				E1EA4A5214A59F0400EE9703 /* Release */,
			);
			defaultConfigurationIsVisible = 0;
			defaultConfigurationName = Release;
		};
		E1EA4A5314A59F0400EE9703 /* Build configuration list for PBXNativeTarget "Fotki" */ = {
			isa = XCConfigurationList;
			buildConfigurations = (
				E1EA4A5414A59F0400EE9703 /* Debug */,
				E1EA4A5514A59F0400EE9703 /* Release */,
			);
			defaultConfigurationIsVisible = 0;
			defaultConfigurationName = Release;
		};
		E1EA4A5614A59F0400EE9703 /* Build configuration list for PBXNativeTarget "FotkiTests" */ = {
			isa = XCConfigurationList;
			buildConfigurations = (
				E1EA4A5714A59F0400EE9703 /* Debug */,
				E1EA4A5814A59F0400EE9703 /* Release */,
			);
			defaultConfigurationIsVisible = 0;
			defaultConfigurationName = Release;
		};
/* End XCConfigurationList section */
	};
	rootObject = E1EA4A1814A59F0300EE9703 /* Project object */;
}
